// !$*UTF8*$!
{
	archiveVersion = 1;
	classes = {
	};
	objectVersion = 70;
	objects = {

/* Begin PBXBuildFile section */
		527B03142D5071530008FAE1 /* GeneralStatisticView.swift in Sources */ = {isa = PBXBuildFile; fileRef = 527B03132D5071530008FAE1 /* GeneralStatisticView.swift */; };
		527B03172D5077020008FAE1 /* CalendarManager.swift in Sources */ = {isa = PBXBuildFile; fileRef = 527B03162D5077020008FAE1 /* CalendarManager.swift */; };
		527B03192D50AC520008FAE1 /* StatisticViewModel.swift in Sources */ = {isa = PBXBuildFile; fileRef = 527B03182D50AC520008FAE1 /* StatisticViewModel.swift */; };
		527B031B2D50B4070008FAE1 /* Period.swift in Sources */ = {isa = PBXBuildFile; fileRef = 527B031A2D50B4070008FAE1 /* Period.swift */; };
		527B031D2D50B6930008FAE1 /* PeriodChartView.swift in Sources */ = {isa = PBXBuildFile; fileRef = 527B031C2D50B6930008FAE1 /* PeriodChartView.swift */; };
		527B031F2D50B83D0008FAE1 /* StatisticChartData.swift in Sources */ = {isa = PBXBuildFile; fileRef = 527B031E2D50B83D0008FAE1 /* StatisticChartData.swift */; };
		527B03222D50BA9C0008FAE1 /* UserDefault + Ext.swift in Sources */ = {isa = PBXBuildFile; fileRef = 527B03212D50BA9C0008FAE1 /* UserDefault + Ext.swift */; };
		527B03272D51B8590008FAE1 /* GoalsView.swift in Sources */ = {isa = PBXBuildFile; fileRef = 527B03262D51B8590008FAE1 /* GoalsView.swift */; };
		527B03292D51BCD80008FAE1 /* StatView.swift in Sources */ = {isa = PBXBuildFile; fileRef = 527B03282D51BCD80008FAE1 /* StatView.swift */; };
		527B032C2D51C6610008FAE1 /* SetGoalsView.swift in Sources */ = {isa = PBXBuildFile; fileRef = 527B032B2D51C6610008FAE1 /* SetGoalsView.swift */; };
		527B032E2D51C7010008FAE1 /* GoalViewModel.swift in Sources */ = {isa = PBXBuildFile; fileRef = 527B032D2D51C7010008FAE1 /* GoalViewModel.swift */; };
		527B03302D51C7BA0008FAE1 /* GoalButtonView.swift in Sources */ = {isa = PBXBuildFile; fileRef = 527B032F2D51C7BA0008FAE1 /* GoalButtonView.swift */; };
		527B03322D51C9730008FAE1 /* GoalSetupView.swift in Sources */ = {isa = PBXBuildFile; fileRef = 527B03312D51C9730008FAE1 /* GoalSetupView.swift */; };
		527B03342D51CCE30008FAE1 /* TargetGoal.swift in Sources */ = {isa = PBXBuildFile; fileRef = 527B03332D51CCE30008FAE1 /* TargetGoal.swift */; };
		527B03362D51CDCB0008FAE1 /* Color + Ext.swift in Sources */ = {isa = PBXBuildFile; fileRef = 527B03352D51CDCB0008FAE1 /* Color + Ext.swift */; };
		527B035D2D5891C80008FAE1 /* RequestPermissonView.swift in Sources */ = {isa = PBXBuildFile; fileRef = 527B035C2D5891C80008FAE1 /* RequestPermissonView.swift */; };
		527B03612D6083AB0008FAE1 /* MetricView.swift in Sources */ = {isa = PBXBuildFile; fileRef = 527B03602D6083AB0008FAE1 /* MetricView.swift */; };
		527FEE8E2D3CA47A00C667CB /* MyFitnessGoalsApp.swift in Sources */ = {isa = PBXBuildFile; fileRef = 527FEE8D2D3CA47A00C667CB /* MyFitnessGoalsApp.swift */; };
		527FEE922D3CA47E00C667CB /* Assets.xcassets in Resources */ = {isa = PBXBuildFile; fileRef = 527FEE912D3CA47E00C667CB /* Assets.xcassets */; };
		527FEE952D3CA47E00C667CB /* Preview Assets.xcassets in Resources */ = {isa = PBXBuildFile; fileRef = 527FEE942D3CA47E00C667CB /* Preview Assets.xcassets */; };
		527FEE9F2D3CA51E00C667CB /* BaseFitnessModel.swift in Sources */ = {isa = PBXBuildFile; fileRef = 527FEE9E2D3CA51E00C667CB /* BaseFitnessModel.swift */; };
		527FEEA22D3CA56A00C667CB /* WorkoutType.swift in Sources */ = {isa = PBXBuildFile; fileRef = 527FEEA12D3CA56A00C667CB /* WorkoutType.swift */; };
		527FEEA42D3CA5E000C667CB /* MeasureUnit.swift in Sources */ = {isa = PBXBuildFile; fileRef = 527FEEA32D3CA5E000C667CB /* MeasureUnit.swift */; };
		527FEEA62D3CA61900C667CB /* Workout.swift in Sources */ = {isa = PBXBuildFile; fileRef = 527FEEA52D3CA61900C667CB /* Workout.swift */; };
		527FEEA82D3CA63900C667CB /* Distance.swift in Sources */ = {isa = PBXBuildFile; fileRef = 527FEEA72D3CA63900C667CB /* Distance.swift */; };
		527FEEAA2D3CA64400C667CB /* Speed.swift in Sources */ = {isa = PBXBuildFile; fileRef = 527FEEA92D3CA64400C667CB /* Speed.swift */; };
		527FEEAC2D3CA67000C667CB /* Calories.swift in Sources */ = {isa = PBXBuildFile; fileRef = 527FEEAB2D3CA67000C667CB /* Calories.swift */; };
		527FEEAE2D3CA6DA00C667CB /* Step.swift in Sources */ = {isa = PBXBuildFile; fileRef = 527FEEAD2D3CA6DA00C667CB /* Step.swift */; };
		527FEEB12D3CA73700C667CB /* Constant.swift in Sources */ = {isa = PBXBuildFile; fileRef = 527FEEB02D3CA73700C667CB /* Constant.swift */; };
		527FEEB52D3CA85C00C667CB /* SelectWorkoutTypeView.swift in Sources */ = {isa = PBXBuildFile; fileRef = 527FEEB42D3CA85C00C667CB /* SelectWorkoutTypeView.swift */; };
		527FEEB92D3CAA0300C667CB /* WorkoutItemView.swift in Sources */ = {isa = PBXBuildFile; fileRef = 527FEEB82D3CAA0300C667CB /* WorkoutItemView.swift */; };
		527FEEBB2D3CAEC700C667CB /* TabBarView.swift in Sources */ = {isa = PBXBuildFile; fileRef = 527FEEBA2D3CAEC700C667CB /* TabBarView.swift */; };
		527FEEBD2D3CB20800C667CB /* LocationManager.swift in Sources */ = {isa = PBXBuildFile; fileRef = 527FEEBC2D3CB20800C667CB /* LocationManager.swift */; };
		527FEEBF2D3CB76D00C667CB /* MotionManager.swift in Sources */ = {isa = PBXBuildFile; fileRef = 527FEEBE2D3CB76D00C667CB /* MotionManager.swift */; };
		527FEEC12D3CED3C00C667CB /* TimerManager.swift in Sources */ = {isa = PBXBuildFile; fileRef = 527FEEC02D3CED3C00C667CB /* TimerManager.swift */; };
		527FEFD92D3D270D00C667CB /* Fitness.xcdatamodeld in Sources */ = {isa = PBXBuildFile; fileRef = 527FEFD72D3D270C00C667CB /* Fitness.xcdatamodeld */; };
		527FEFF12D3D278D00C667CB /* CoreDataManager.swift in Sources */ = {isa = PBXBuildFile; fileRef = 527FEFF02D3D278D00C667CB /* CoreDataManager.swift */; };
		527FEFF32D3D288C00C667CB /* PersistanceController.swift in Sources */ = {isa = PBXBuildFile; fileRef = 527FEFF22D3D288C00C667CB /* PersistanceController.swift */; };
		527FEFF52D3D2D8200C667CB /* FIlterType.swift in Sources */ = {isa = PBXBuildFile; fileRef = 527FEFF42D3D2D8200C667CB /* FIlterType.swift */; };
		529CC2A22D3F9270004AA2B9 /* CalorieEntity+CoreDataClass.swift in Sources */ = {isa = PBXBuildFile; fileRef = 529CC2982D3F9270004AA2B9 /* CalorieEntity+CoreDataClass.swift */; };
		529CC2A32D3F9270004AA2B9 /* CalorieEntity+CoreDataProperties.swift in Sources */ = {isa = PBXBuildFile; fileRef = 529CC2992D3F9270004AA2B9 /* CalorieEntity+CoreDataProperties.swift */; };
		529CC2A42D3F9270004AA2B9 /* DistanceEntity+CoreDataClass.swift in Sources */ = {isa = PBXBuildFile; fileRef = 529CC29A2D3F9270004AA2B9 /* DistanceEntity+CoreDataClass.swift */; };
		529CC2A52D3F9270004AA2B9 /* DistanceEntity+CoreDataProperties.swift in Sources */ = {isa = PBXBuildFile; fileRef = 529CC29B2D3F9270004AA2B9 /* DistanceEntity+CoreDataProperties.swift */; };
		529CC2A62D3F9270004AA2B9 /* StepEntity+CoreDataClass.swift in Sources */ = {isa = PBXBuildFile; fileRef = 529CC29C2D3F9270004AA2B9 /* StepEntity+CoreDataClass.swift */; };
		529CC2A72D3F9270004AA2B9 /* StepEntity+CoreDataProperties.swift in Sources */ = {isa = PBXBuildFile; fileRef = 529CC29D2D3F9270004AA2B9 /* StepEntity+CoreDataProperties.swift */; };
		529CC2A82D3F9270004AA2B9 /* WorkoutEntity+CoreDataClass.swift in Sources */ = {isa = PBXBuildFile; fileRef = 529CC29E2D3F9270004AA2B9 /* WorkoutEntity+CoreDataClass.swift */; };
		529CC2A92D3F9270004AA2B9 /* WorkoutEntity+CoreDataProperties.swift in Sources */ = {isa = PBXBuildFile; fileRef = 529CC29F2D3F9270004AA2B9 /* WorkoutEntity+CoreDataProperties.swift */; };
		529CC2AA2D3F9270004AA2B9 /* SpeedEntity+CoreDataClass.swift in Sources */ = {isa = PBXBuildFile; fileRef = 529CC2A02D3F9270004AA2B9 /* SpeedEntity+CoreDataClass.swift */; };
		529CC2AB2D3F9270004AA2B9 /* SpeedEntity+CoreDataProperties.swift in Sources */ = {isa = PBXBuildFile; fileRef = 529CC2A12D3F9270004AA2B9 /* SpeedEntity+CoreDataProperties.swift */; };
		529CC2AE2D3F9AF2004AA2B9 /* SwipeButtonView.swift in Sources */ = {isa = PBXBuildFile; fileRef = 529CC2AD2D3F9AF2004AA2B9 /* SwipeButtonView.swift */; };
		52AA506F2D43395E00AB4054 /* HistoryViewModel.swift in Sources */ = {isa = PBXBuildFile; fileRef = 52AA506E2D43395E00AB4054 /* HistoryViewModel.swift */; };
		52AA50722D4341E300AB4054 /* WorkoutRowView.swift in Sources */ = {isa = PBXBuildFile; fileRef = 52AA50712D4341E300AB4054 /* WorkoutRowView.swift */; };
		52AA50742D43473500AB4054 /* WorkoutDateAndTypeView.swift in Sources */ = {isa = PBXBuildFile; fileRef = 52AA50732D43473500AB4054 /* WorkoutDateAndTypeView.swift */; };
		52AA50772D4349AA00AB4054 /* ThemeManager.swift in Sources */ = {isa = PBXBuildFile; fileRef = 52AA50762D4349AA00AB4054 /* ThemeManager.swift */; };
		52AA507A2D434E8000AB4054 /* WorkoutInfoView.swift in Sources */ = {isa = PBXBuildFile; fileRef = 52AA50792D434E8000AB4054 /* WorkoutInfoView.swift */; };
		52AA507C2D4779D400AB4054 /* DetailHistoryView.swift in Sources */ = {isa = PBXBuildFile; fileRef = 52AA507B2D4779D400AB4054 /* DetailHistoryView.swift */; };
		52AA50802D477E3100AB4054 /* WorkoutChartView.swift in Sources */ = {isa = PBXBuildFile; fileRef = 52AA507F2D477E3100AB4054 /* WorkoutChartView.swift */; };
		52AA50822D477E7300AB4054 /* HistoryChartData.swift in Sources */ = {isa = PBXBuildFile; fileRef = 52AA50812D477E7300AB4054 /* HistoryChartData.swift */; };
		52AA50842D478B1F00AB4054 /* RecordWorkoutView.swift in Sources */ = {isa = PBXBuildFile; fileRef = 52AA50832D478B1F00AB4054 /* RecordWorkoutView.swift */; };
		52AA50862D478B4E00AB4054 /* WorkoutViewModel.swift in Sources */ = {isa = PBXBuildFile; fileRef = 52AA50852D478B4E00AB4054 /* WorkoutViewModel.swift */; };
		52AA508B2D478CA100AB4054 /* MeasurementBannerView.swift in Sources */ = {isa = PBXBuildFile; fileRef = 52AA508A2D478CA100AB4054 /* MeasurementBannerView.swift */; };
		52AA508D2D478CCD00AB4054 /* MeasureItemView.swift in Sources */ = {isa = PBXBuildFile; fileRef = 52AA508C2D478CCD00AB4054 /* MeasureItemView.swift */; };
		52AA508F2D478D5000AB4054 /* DeniedPermissionView.swift in Sources */ = {isa = PBXBuildFile; fileRef = 52AA508E2D478D5000AB4054 /* DeniedPermissionView.swift */; };
		52AA50912D478D7700AB4054 /* TimerView.swift in Sources */ = {isa = PBXBuildFile; fileRef = 52AA50902D478D7700AB4054 /* TimerView.swift */; };
		52AA50932D478D9E00AB4054 /* TimerButtonView.swift in Sources */ = {isa = PBXBuildFile; fileRef = 52AA50922D478D9E00AB4054 /* TimerButtonView.swift */; };
		52AA50962D478EBA00AB4054 /* MapView.swift in Sources */ = {isa = PBXBuildFile; fileRef = 52AA50952D478EBA00AB4054 /* MapView.swift */; };
		52AA50982D4790B700AB4054 /* LocationAnnotationView.swift in Sources */ = {isa = PBXBuildFile; fileRef = 52AA50972D4790B700AB4054 /* LocationAnnotationView.swift */; };
		52AA509A2D47910800AB4054 /* MapCoordinator.swift in Sources */ = {isa = PBXBuildFile; fileRef = 52AA50992D47910800AB4054 /* MapCoordinator.swift */; };
		52E1F27A2D42268A00024C1F /* HistoryView.swift in Sources */ = {isa = PBXBuildFile; fileRef = 52E1F2792D42268A00024C1F /* HistoryView.swift */; };
		CA2434602DF1304900E464AE /* WelcomeView.swift in Sources */ = {isa = PBXBuildFile; fileRef = CA24345F2DF1304900E464AE /* WelcomeView.swift */; };
		CA24346D2DF136C000E464AE /* FillInfoView.swift in Sources */ = {isa = PBXBuildFile; fileRef = CA24346C2DF136C000E464AE /* FillInfoView.swift */; };
		CA2434702DF1376F00E464AE /* RequestPermissionView.swift in Sources */ = {isa = PBXBuildFile; fileRef = CA24346F2DF1376F00E464AE /* RequestPermissionView.swift */; };
		CA2434722DF1381200E464AE /* PermissionInfo.swift in Sources */ = {isa = PBXBuildFile; fileRef = CA2434712DF1381200E464AE /* PermissionInfo.swift */; };
		CA2434752DF13AAF00E464AE /* AppInfo.swift in Sources */ = {isa = PBXBuildFile; fileRef = CA2434742DF13AAF00E464AE /* AppInfo.swift */; };
		CA2434762DF13AAF00E464AE /* AppInfo.swift in Sources */ = {isa = PBXBuildFile; fileRef = CA2434742DF13AAF00E464AE /* AppInfo.swift */; };
		CA2434792DF1426300E464AE /* WelcomeFlow.swift in Sources */ = {isa = PBXBuildFile; fileRef = CA2434782DF1426300E464AE /* WelcomeFlow.swift */; };
		CA24347C2DF142F800E464AE /* AppEntryView.swift in Sources */ = {isa = PBXBuildFile; fileRef = CA24347B2DF142F800E464AE /* AppEntryView.swift */; };
		CA24347F2DF1453500E464AE /* WelcomeFlowViewModel.swift in Sources */ = {isa = PBXBuildFile; fileRef = CA24347E2DF1453500E464AE /* WelcomeFlowViewModel.swift */; };
		CA2434822DF1704C00E464AE /* PickerSheet.swift in Sources */ = {isa = PBXBuildFile; fileRef = CA2434812DF1704C00E464AE /* PickerSheet.swift */; };
		CA2434842DF1708F00E464AE /* GenderPickerSheet.swift in Sources */ = {isa = PBXBuildFile; fileRef = CA2434832DF1708F00E464AE /* GenderPickerSheet.swift */; };
		CA2434862DF170C400E464AE /* WeightPickerSheet.swift in Sources */ = {isa = PBXBuildFile; fileRef = CA2434852DF170C400E464AE /* WeightPickerSheet.swift */; };
		CA2434C72DF2979800E464AE /* PermissionState.swift in Sources */ = {isa = PBXBuildFile; fileRef = CA2434C62DF2979800E464AE /* PermissionState.swift */; };
		CA2434C82DF2979800E464AE /* PermissionState.swift in Sources */ = {isa = PBXBuildFile; fileRef = CA2434C62DF2979800E464AE /* PermissionState.swift */; };
		CA5FEB212DE6E71D0051765C /* WatchTimerManager.swift in Sources */ = {isa = PBXBuildFile; fileRef = CA5FEB202DE6E71D0051765C /* WatchTimerManager.swift */; };
		CA5FEB222DE6E71D0051765C /* WatchTimerManager.swift in Sources */ = {isa = PBXBuildFile; fileRef = CA5FEB202DE6E71D0051765C /* WatchTimerManager.swift */; };
		CA651DB42D8181F500B817E6 /* EmptyResultView.swift in Sources */ = {isa = PBXBuildFile; fileRef = CA651DB32D8181F500B817E6 /* EmptyResultView.swift */; };
		CA651DB62D82ABA000B817E6 /* CustomTabBar.swift in Sources */ = {isa = PBXBuildFile; fileRef = CA651DB52D82ABA000B817E6 /* CustomTabBar.swift */; };
		CA651DD32D88025000B817E6 /* Localizable.strings in Resources */ = {isa = PBXBuildFile; fileRef = CA651DD12D88025000B817E6 /* Localizable.strings */; };
		CA651DDF2D8808D300B817E6 /* XCAssets+Generated.swift in Sources */ = {isa = PBXBuildFile; fileRef = CA651DDE2D8808D300B817E6 /* XCAssets+Generated.swift */; };
		CA651DE12D8808EB00B817E6 /* XCStrings+Generated.swift in Sources */ = {isa = PBXBuildFile; fileRef = CA651DE02D8808EB00B817E6 /* XCStrings+Generated.swift */; };
		CA651E212D890B0300B817E6 /* HealthKitManager.swift in Sources */ = {isa = PBXBuildFile; fileRef = CA651E202D890B0300B817E6 /* HealthKitManager.swift */; };
		CA69C2102D8CFFE80081E4FE /* ChartDataKit.swift in Sources */ = {isa = PBXBuildFile; fileRef = CA69C20F2D8CFFE80081E4FE /* ChartDataKit.swift */; };
		CA69C2122D8D009C0081E4FE /* ChartDataKitView.swift in Sources */ = {isa = PBXBuildFile; fileRef = CA69C2112D8D009C0081E4FE /* ChartDataKitView.swift */; };
		CA69C2142D8D397D0081E4FE /* InfoType.swift in Sources */ = {isa = PBXBuildFile; fileRef = CA69C2132D8D397D0081E4FE /* InfoType.swift */; };
		CA69C2DA2D91382E0081E4FE /* MotionAuthorizationStatus.swift in Sources */ = {isa = PBXBuildFile; fileRef = CA69C2D92D91382E0081E4FE /* MotionAuthorizationStatus.swift */; };
		CA69C2F02D93BDA80081E4FE /* UINavigationController + Ext.swift in Sources */ = {isa = PBXBuildFile; fileRef = CA69C2EF2D93BDA80081E4FE /* UINavigationController + Ext.swift */; };
		CA6B16B32DE35B1400837884 /* NavigationRouter.swift in Sources */ = {isa = PBXBuildFile; fileRef = CA6B16B22DE35B1400837884 /* NavigationRouter.swift */; };
		CA70EEBF2DC065C000D25116 /* RoundedCorner.swift in Sources */ = {isa = PBXBuildFile; fileRef = CAE146462D800CD20017FCE3 /* RoundedCorner.swift */; };
		CA70EEC02DC065C000D25116 /* Color + Ext.swift in Sources */ = {isa = PBXBuildFile; fileRef = 527B03352D51CDCB0008FAE1 /* Color + Ext.swift */; };
		CA70EEC12DC065C000D25116 /* UserDefault + Ext.swift in Sources */ = {isa = PBXBuildFile; fileRef = 527B03212D50BA9C0008FAE1 /* UserDefault + Ext.swift */; };
		CA70EEC22DC065C000D25116 /* UIColor + Ext.swift in Sources */ = {isa = PBXBuildFile; fileRef = CAE1464A2D8012880017FCE3 /* UIColor + Ext.swift */; };
		CA70EED02DC065DC00D25116 /* Fitness.xcdatamodeld in Sources */ = {isa = PBXBuildFile; fileRef = 527FEFD72D3D270C00C667CB /* Fitness.xcdatamodeld */; };
		CA70EED12DC066DA00D25116 /* WorkoutType.swift in Sources */ = {isa = PBXBuildFile; fileRef = 527FEEA12D3CA56A00C667CB /* WorkoutType.swift */; };
		CA70EED22DC066DA00D25116 /* FIlterType.swift in Sources */ = {isa = PBXBuildFile; fileRef = 527FEFF42D3D2D8200C667CB /* FIlterType.swift */; };
		CA70EED32DC066DA00D25116 /* Period.swift in Sources */ = {isa = PBXBuildFile; fileRef = 527B031A2D50B4070008FAE1 /* Period.swift */; };
		CA70EED42DC066DA00D25116 /* MotionAuthorizationStatus.swift in Sources */ = {isa = PBXBuildFile; fileRef = CA69C2D92D91382E0081E4FE /* MotionAuthorizationStatus.swift */; };
		CA70EED52DC066DA00D25116 /* InfoType.swift in Sources */ = {isa = PBXBuildFile; fileRef = CA69C2132D8D397D0081E4FE /* InfoType.swift */; };
		CA70EED62DC066DA00D25116 /* MeasureUnit.swift in Sources */ = {isa = PBXBuildFile; fileRef = 527FEEA32D3CA5E000C667CB /* MeasureUnit.swift */; };
		CA70EED72DC066E500D25116 /* Distance.swift in Sources */ = {isa = PBXBuildFile; fileRef = 527FEEA72D3CA63900C667CB /* Distance.swift */; };
		CA70EED82DC066E500D25116 /* Step.swift in Sources */ = {isa = PBXBuildFile; fileRef = 527FEEAD2D3CA6DA00C667CB /* Step.swift */; };
		CA70EED92DC066E500D25116 /* HistoryChartData.swift in Sources */ = {isa = PBXBuildFile; fileRef = 52AA50812D477E7300AB4054 /* HistoryChartData.swift */; };
		CA70EEDA2DC066E500D25116 /* ChartDataKit.swift in Sources */ = {isa = PBXBuildFile; fileRef = CA69C20F2D8CFFE80081E4FE /* ChartDataKit.swift */; };
		CA70EEDB2DC066E500D25116 /* TargetGoal.swift in Sources */ = {isa = PBXBuildFile; fileRef = 527B03332D51CCE30008FAE1 /* TargetGoal.swift */; };
		CA70EEDC2DC066E500D25116 /* StatisticChartData.swift in Sources */ = {isa = PBXBuildFile; fileRef = 527B031E2D50B83D0008FAE1 /* StatisticChartData.swift */; };
		CA70EEDD2DC066E500D25116 /* Speed.swift in Sources */ = {isa = PBXBuildFile; fileRef = 527FEEA92D3CA64400C667CB /* Speed.swift */; };
		CA70EEDE2DC066E500D25116 /* BaseFitnessModel.swift in Sources */ = {isa = PBXBuildFile; fileRef = 527FEE9E2D3CA51E00C667CB /* BaseFitnessModel.swift */; };
		CA70EEDF2DC066E500D25116 /* Calories.swift in Sources */ = {isa = PBXBuildFile; fileRef = 527FEEAB2D3CA67000C667CB /* Calories.swift */; };
		CA70EEE02DC066E500D25116 /* Workout.swift in Sources */ = {isa = PBXBuildFile; fileRef = 527FEEA52D3CA61900C667CB /* Workout.swift */; };
		CA85B24A2DC9E073001DF097 /* PersistanceController.swift in Sources */ = {isa = PBXBuildFile; fileRef = 527FEFF22D3D288C00C667CB /* PersistanceController.swift */; };
		CA85B24B2DC9E07B001DF097 /* DataForPreview.swift in Sources */ = {isa = PBXBuildFile; fileRef = CAE145B72D7E81E70017FCE3 /* DataForPreview.swift */; };
		CA85B24C2DC9E087001DF097 /* WorkoutEntity+CoreDataClass.swift in Sources */ = {isa = PBXBuildFile; fileRef = 529CC29E2D3F9270004AA2B9 /* WorkoutEntity+CoreDataClass.swift */; };
		CA85B24D2DC9E087001DF097 /* StepEntity+CoreDataProperties.swift in Sources */ = {isa = PBXBuildFile; fileRef = 529CC29D2D3F9270004AA2B9 /* StepEntity+CoreDataProperties.swift */; };
		CA85B24E2DC9E087001DF097 /* WorkoutEntity+CoreDataProperties.swift in Sources */ = {isa = PBXBuildFile; fileRef = 529CC29F2D3F9270004AA2B9 /* WorkoutEntity+CoreDataProperties.swift */; };
		CA85B24F2DC9E087001DF097 /* SpeedEntity+CoreDataClass.swift in Sources */ = {isa = PBXBuildFile; fileRef = 529CC2A02D3F9270004AA2B9 /* SpeedEntity+CoreDataClass.swift */; };
		CA85B2502DC9E087001DF097 /* CalorieEntity+CoreDataProperties.swift in Sources */ = {isa = PBXBuildFile; fileRef = 529CC2992D3F9270004AA2B9 /* CalorieEntity+CoreDataProperties.swift */; };
		CA85B2512DC9E087001DF097 /* DistanceEntity+CoreDataProperties.swift in Sources */ = {isa = PBXBuildFile; fileRef = 529CC29B2D3F9270004AA2B9 /* DistanceEntity+CoreDataProperties.swift */; };
		CA85B2522DC9E087001DF097 /* DistanceEntity+CoreDataClass.swift in Sources */ = {isa = PBXBuildFile; fileRef = 529CC29A2D3F9270004AA2B9 /* DistanceEntity+CoreDataClass.swift */; };
		CA85B2532DC9E087001DF097 /* CalorieEntity+CoreDataClass.swift in Sources */ = {isa = PBXBuildFile; fileRef = 529CC2982D3F9270004AA2B9 /* CalorieEntity+CoreDataClass.swift */; };
		CA85B2542DC9E087001DF097 /* SpeedEntity+CoreDataProperties.swift in Sources */ = {isa = PBXBuildFile; fileRef = 529CC2A12D3F9270004AA2B9 /* SpeedEntity+CoreDataProperties.swift */; };
		CA85B2552DC9E087001DF097 /* StepEntity+CoreDataClass.swift in Sources */ = {isa = PBXBuildFile; fileRef = 529CC29C2D3F9270004AA2B9 /* StepEntity+CoreDataClass.swift */; };
		CA85B2562DC9E08E001DF097 /* CoreDataManager.swift in Sources */ = {isa = PBXBuildFile; fileRef = 527FEFF02D3D278D00C667CB /* CoreDataManager.swift */; };
		CA85B2582DC9E1AD001DF097 /* HealthKitManager.swift in Sources */ = {isa = PBXBuildFile; fileRef = CA651E202D890B0300B817E6 /* HealthKitManager.swift */; };
		CA85B2662DC9F476001DF097 /* HeartRate.swift in Sources */ = {isa = PBXBuildFile; fileRef = CA85B2652DC9F476001DF097 /* HeartRate.swift */; };
		CA85B2672DC9F476001DF097 /* HeartRate.swift in Sources */ = {isa = PBXBuildFile; fileRef = CA85B2652DC9F476001DF097 /* HeartRate.swift */; };
		CA85B2EB2DD33CA4001DF097 /* WorkoutSessionManager.swift in Sources */ = {isa = PBXBuildFile; fileRef = CA85B2E92DD33CA4001DF097 /* WorkoutSessionManager.swift */; };
		CA85B2ED2DD33CEA001DF097 /* Notification + Ext.swift in Sources */ = {isa = PBXBuildFile; fileRef = CA85B2EC2DD33CEA001DF097 /* Notification + Ext.swift */; };
		CA85B2EE2DD33CEA001DF097 /* Notification + Ext.swift in Sources */ = {isa = PBXBuildFile; fileRef = CA85B2EC2DD33CEA001DF097 /* Notification + Ext.swift */; };
		CAA464CE2DEE87FB00B3D672 /* WorkoutCommand.swift in Sources */ = {isa = PBXBuildFile; fileRef = CAA464CD2DEE87FB00B3D672 /* WorkoutCommand.swift */; };
		CAA464CF2DEE87FB00B3D672 /* WorkoutCommand.swift in Sources */ = {isa = PBXBuildFile; fileRef = CAA464CD2DEE87FB00B3D672 /* WorkoutCommand.swift */; };
		CADD80792DC46FC00072CDD4 /* LocationManager.swift in Sources */ = {isa = PBXBuildFile; fileRef = 527FEEBC2D3CB20800C667CB /* LocationManager.swift */; };
		CADD807A2DC46FC00072CDD4 /* ThemeManager.swift in Sources */ = {isa = PBXBuildFile; fileRef = 52AA50762D4349AA00AB4054 /* ThemeManager.swift */; };
		CADD807B2DC46FC00072CDD4 /* MotionManager.swift in Sources */ = {isa = PBXBuildFile; fileRef = 527FEEBE2D3CB76D00C667CB /* MotionManager.swift */; };
		CADD807C2DC46FC00072CDD4 /* CalendarManager.swift in Sources */ = {isa = PBXBuildFile; fileRef = 527B03162D5077020008FAE1 /* CalendarManager.swift */; };
		CADD807D2DC46FC00072CDD4 /* TimerManager.swift in Sources */ = {isa = PBXBuildFile; fileRef = 527FEEC02D3CED3C00C667CB /* TimerManager.swift */; };
		CAE145B62D7E80A20017FCE3 /* MapViewSwiftUI.swift in Sources */ = {isa = PBXBuildFile; fileRef = CAE145B52D7E80A20017FCE3 /* MapViewSwiftUI.swift */; };
		CAE145B82D7E81E70017FCE3 /* DataForPreview.swift in Sources */ = {isa = PBXBuildFile; fileRef = CAE145B72D7E81E70017FCE3 /* DataForPreview.swift */; };
		CAE145FD2D7FC29D0017FCE3 /* WidgetKit.framework in Frameworks */ = {isa = PBXBuildFile; fileRef = CAE145FC2D7FC29D0017FCE3 /* WidgetKit.framework */; };
		CAE145FF2D7FC29D0017FCE3 /* SwiftUI.framework in Frameworks */ = {isa = PBXBuildFile; fileRef = CAE145FE2D7FC29D0017FCE3 /* SwiftUI.framework */; };
		CAE146102D7FC29F0017FCE3 /* FitnessWidgetExtension.appex in Embed Foundation Extensions */ = {isa = PBXBuildFile; fileRef = CAE145FA2D7FC29D0017FCE3 /* FitnessWidgetExtension.appex */; settings = {ATTRIBUTES = (RemoveHeadersOnCopy, ); }; };
		CAE1462C2D7FD3A60017FCE3 /* MonthCalendarView.swift in Sources */ = {isa = PBXBuildFile; fileRef = CAE1462B2D7FD3A60017FCE3 /* MonthCalendarView.swift */; };
		CAE146432D7FE1340017FCE3 /* DailyStatisticView.swift in Sources */ = {isa = PBXBuildFile; fileRef = CAE146422D7FE1340017FCE3 /* DailyStatisticView.swift */; };
		CAE146452D7FE1AD0017FCE3 /* MeasureDonutView.swift in Sources */ = {isa = PBXBuildFile; fileRef = CAE146442D7FE1A30017FCE3 /* MeasureDonutView.swift */; };
		CAE146472D800CD20017FCE3 /* RoundedCorner.swift in Sources */ = {isa = PBXBuildFile; fileRef = CAE146462D800CD20017FCE3 /* RoundedCorner.swift */; };
		CAE146492D800E810017FCE3 /* FilterView.swift in Sources */ = {isa = PBXBuildFile; fileRef = CAE146482D800E810017FCE3 /* FilterView.swift */; };
		CAE1464B2D8012880017FCE3 /* UIColor + Ext.swift in Sources */ = {isa = PBXBuildFile; fileRef = CAE1464A2D8012880017FCE3 /* UIColor + Ext.swift */; };
		CAF2EF282DB1DD66000EF728 /* MyFitness Watch App.app in Embed Watch Content */ = {isa = PBXBuildFile; fileRef = CAF2EF1E2DB1DD65000EF728 /* MyFitness Watch App.app */; settings = {ATTRIBUTES = (RemoveHeadersOnCopy, ); }; };
/* End PBXBuildFile section */

/* Begin PBXContainerItemProxy section */
		CADD80822DC4701B0072CDD4 /* PBXContainerItemProxy */ = {
			isa = PBXContainerItemProxy;
			containerPortal = 527FEE822D3CA47A00C667CB /* Project object */;
			proxyType = 1;
			remoteGlobalIDString = CAE145F92D7FC29D0017FCE3;
			remoteInfo = FitnessWidgetExtension;
		};
		CAE1460E2D7FC29F0017FCE3 /* PBXContainerItemProxy */ = {
			isa = PBXContainerItemProxy;
			containerPortal = 527FEE822D3CA47A00C667CB /* Project object */;
			proxyType = 1;
			remoteGlobalIDString = CAE145F92D7FC29D0017FCE3;
			remoteInfo = FitnessWidgetExtension;
		};
		CAF2EF262DB1DD66000EF728 /* PBXContainerItemProxy */ = {
			isa = PBXContainerItemProxy;
			containerPortal = 527FEE822D3CA47A00C667CB /* Project object */;
			proxyType = 1;
			remoteGlobalIDString = CAF2EF1D2DB1DD65000EF728;
			remoteInfo = "MyFitness Watch App";
		};
/* End PBXContainerItemProxy section */

/* Begin PBXCopyFilesBuildPhase section */
		CA69C3492D9D2DF80081E4FE /* Embed Watch Content */ = {
			isa = PBXCopyFilesBuildPhase;
			buildActionMask = 2147483647;
			dstPath = "$(CONTENTS_FOLDER_PATH)/Watch";
			dstSubfolderSpec = 16;
			files = (
				CAF2EF282DB1DD66000EF728 /* MyFitness Watch App.app in Embed Watch Content */,
			);
			name = "Embed Watch Content";
			runOnlyForDeploymentPostprocessing = 0;
		};
		CAE146152D7FC29F0017FCE3 /* Embed Foundation Extensions */ = {
			isa = PBXCopyFilesBuildPhase;
			buildActionMask = 2147483647;
			dstPath = "";
			dstSubfolderSpec = 13;
			files = (
				CAE146102D7FC29F0017FCE3 /* FitnessWidgetExtension.appex in Embed Foundation Extensions */,
			);
			name = "Embed Foundation Extensions";
			runOnlyForDeploymentPostprocessing = 0;
		};
/* End PBXCopyFilesBuildPhase section */

/* Begin PBXFileReference section */
		527B03132D5071530008FAE1 /* GeneralStatisticView.swift */ = {isa = PBXFileReference; lastKnownFileType = sourcecode.swift; path = GeneralStatisticView.swift; sourceTree = "<group>"; };
		527B03162D5077020008FAE1 /* CalendarManager.swift */ = {isa = PBXFileReference; lastKnownFileType = sourcecode.swift; path = CalendarManager.swift; sourceTree = "<group>"; };
		527B03182D50AC520008FAE1 /* StatisticViewModel.swift */ = {isa = PBXFileReference; lastKnownFileType = sourcecode.swift; path = StatisticViewModel.swift; sourceTree = "<group>"; };
		527B031A2D50B4070008FAE1 /* Period.swift */ = {isa = PBXFileReference; lastKnownFileType = sourcecode.swift; path = Period.swift; sourceTree = "<group>"; };
		527B031C2D50B6930008FAE1 /* PeriodChartView.swift */ = {isa = PBXFileReference; lastKnownFileType = sourcecode.swift; path = PeriodChartView.swift; sourceTree = "<group>"; };
		527B031E2D50B83D0008FAE1 /* StatisticChartData.swift */ = {isa = PBXFileReference; lastKnownFileType = sourcecode.swift; path = StatisticChartData.swift; sourceTree = "<group>"; };
		527B03212D50BA9C0008FAE1 /* UserDefault + Ext.swift */ = {isa = PBXFileReference; lastKnownFileType = sourcecode.swift; path = "UserDefault + Ext.swift"; sourceTree = "<group>"; };
		527B03262D51B8590008FAE1 /* GoalsView.swift */ = {isa = PBXFileReference; lastKnownFileType = sourcecode.swift; path = GoalsView.swift; sourceTree = "<group>"; };
		527B03282D51BCD80008FAE1 /* StatView.swift */ = {isa = PBXFileReference; lastKnownFileType = sourcecode.swift; path = StatView.swift; sourceTree = "<group>"; };
		527B032B2D51C6610008FAE1 /* SetGoalsView.swift */ = {isa = PBXFileReference; lastKnownFileType = sourcecode.swift; path = SetGoalsView.swift; sourceTree = "<group>"; };
		527B032D2D51C7010008FAE1 /* GoalViewModel.swift */ = {isa = PBXFileReference; lastKnownFileType = sourcecode.swift; path = GoalViewModel.swift; sourceTree = "<group>"; };
		527B032F2D51C7BA0008FAE1 /* GoalButtonView.swift */ = {isa = PBXFileReference; lastKnownFileType = sourcecode.swift; path = GoalButtonView.swift; sourceTree = "<group>"; };
		527B03312D51C9730008FAE1 /* GoalSetupView.swift */ = {isa = PBXFileReference; lastKnownFileType = sourcecode.swift; path = GoalSetupView.swift; sourceTree = "<group>"; };
		527B03332D51CCE30008FAE1 /* TargetGoal.swift */ = {isa = PBXFileReference; lastKnownFileType = sourcecode.swift; path = TargetGoal.swift; sourceTree = "<group>"; };
		527B03352D51CDCB0008FAE1 /* Color + Ext.swift */ = {isa = PBXFileReference; lastKnownFileType = sourcecode.swift; path = "Color + Ext.swift"; sourceTree = "<group>"; };
		527B035C2D5891C80008FAE1 /* RequestPermissonView.swift */ = {isa = PBXFileReference; lastKnownFileType = sourcecode.swift; path = RequestPermissonView.swift; sourceTree = "<group>"; };
		527B03602D6083AB0008FAE1 /* MetricView.swift */ = {isa = PBXFileReference; lastKnownFileType = sourcecode.swift; path = MetricView.swift; sourceTree = "<group>"; };
		527FEE8A2D3CA47A00C667CB /* MyFitnessGoals.app */ = {isa = PBXFileReference; explicitFileType = wrapper.application; includeInIndex = 0; path = MyFitnessGoals.app; sourceTree = BUILT_PRODUCTS_DIR; };
		527FEE8D2D3CA47A00C667CB /* MyFitnessGoalsApp.swift */ = {isa = PBXFileReference; lastKnownFileType = sourcecode.swift; path = MyFitnessGoalsApp.swift; sourceTree = "<group>"; };
		527FEE912D3CA47E00C667CB /* Assets.xcassets */ = {isa = PBXFileReference; lastKnownFileType = folder.assetcatalog; path = Assets.xcassets; sourceTree = "<group>"; };
		527FEE942D3CA47E00C667CB /* Preview Assets.xcassets */ = {isa = PBXFileReference; lastKnownFileType = folder.assetcatalog; path = "Preview Assets.xcassets"; sourceTree = "<group>"; };
		527FEE9E2D3CA51E00C667CB /* BaseFitnessModel.swift */ = {isa = PBXFileReference; lastKnownFileType = sourcecode.swift; path = BaseFitnessModel.swift; sourceTree = "<group>"; };
		527FEEA12D3CA56A00C667CB /* WorkoutType.swift */ = {isa = PBXFileReference; lastKnownFileType = sourcecode.swift; path = WorkoutType.swift; sourceTree = "<group>"; };
		527FEEA32D3CA5E000C667CB /* MeasureUnit.swift */ = {isa = PBXFileReference; lastKnownFileType = sourcecode.swift; path = MeasureUnit.swift; sourceTree = "<group>"; };
		527FEEA52D3CA61900C667CB /* Workout.swift */ = {isa = PBXFileReference; lastKnownFileType = sourcecode.swift; path = Workout.swift; sourceTree = "<group>"; };
		527FEEA72D3CA63900C667CB /* Distance.swift */ = {isa = PBXFileReference; lastKnownFileType = sourcecode.swift; path = Distance.swift; sourceTree = "<group>"; };
		527FEEA92D3CA64400C667CB /* Speed.swift */ = {isa = PBXFileReference; lastKnownFileType = sourcecode.swift; path = Speed.swift; sourceTree = "<group>"; };
		527FEEAB2D3CA67000C667CB /* Calories.swift */ = {isa = PBXFileReference; lastKnownFileType = sourcecode.swift; path = Calories.swift; sourceTree = "<group>"; };
		527FEEAD2D3CA6DA00C667CB /* Step.swift */ = {isa = PBXFileReference; lastKnownFileType = sourcecode.swift; path = Step.swift; sourceTree = "<group>"; };
		527FEEB02D3CA73700C667CB /* Constant.swift */ = {isa = PBXFileReference; lastKnownFileType = sourcecode.swift; path = Constant.swift; sourceTree = "<group>"; };
		527FEEB42D3CA85C00C667CB /* SelectWorkoutTypeView.swift */ = {isa = PBXFileReference; lastKnownFileType = sourcecode.swift; path = SelectWorkoutTypeView.swift; sourceTree = "<group>"; };
		527FEEB82D3CAA0300C667CB /* WorkoutItemView.swift */ = {isa = PBXFileReference; lastKnownFileType = sourcecode.swift; path = WorkoutItemView.swift; sourceTree = "<group>"; };
		527FEEBA2D3CAEC700C667CB /* TabBarView.swift */ = {isa = PBXFileReference; lastKnownFileType = sourcecode.swift; path = TabBarView.swift; sourceTree = "<group>"; };
		527FEEBC2D3CB20800C667CB /* LocationManager.swift */ = {isa = PBXFileReference; lastKnownFileType = sourcecode.swift; path = LocationManager.swift; sourceTree = "<group>"; };
		527FEEBE2D3CB76D00C667CB /* MotionManager.swift */ = {isa = PBXFileReference; lastKnownFileType = sourcecode.swift; path = MotionManager.swift; sourceTree = "<group>"; };
		527FEEC02D3CED3C00C667CB /* TimerManager.swift */ = {isa = PBXFileReference; lastKnownFileType = sourcecode.swift; path = TimerManager.swift; sourceTree = "<group>"; };
		527FEFD82D3D270C00C667CB /* Fitness.xcdatamodel */ = {isa = PBXFileReference; lastKnownFileType = wrapper.xcdatamodel; path = Fitness.xcdatamodel; sourceTree = "<group>"; };
		527FEFF02D3D278D00C667CB /* CoreDataManager.swift */ = {isa = PBXFileReference; lastKnownFileType = sourcecode.swift; path = CoreDataManager.swift; sourceTree = "<group>"; };
		527FEFF22D3D288C00C667CB /* PersistanceController.swift */ = {isa = PBXFileReference; lastKnownFileType = sourcecode.swift; path = PersistanceController.swift; sourceTree = "<group>"; };
		527FEFF42D3D2D8200C667CB /* FIlterType.swift */ = {isa = PBXFileReference; lastKnownFileType = sourcecode.swift; path = FIlterType.swift; sourceTree = "<group>"; };
		529CC2982D3F9270004AA2B9 /* CalorieEntity+CoreDataClass.swift */ = {isa = PBXFileReference; lastKnownFileType = sourcecode.swift; path = "CalorieEntity+CoreDataClass.swift"; sourceTree = "<group>"; };
		529CC2992D3F9270004AA2B9 /* CalorieEntity+CoreDataProperties.swift */ = {isa = PBXFileReference; lastKnownFileType = sourcecode.swift; path = "CalorieEntity+CoreDataProperties.swift"; sourceTree = "<group>"; };
		529CC29A2D3F9270004AA2B9 /* DistanceEntity+CoreDataClass.swift */ = {isa = PBXFileReference; lastKnownFileType = sourcecode.swift; path = "DistanceEntity+CoreDataClass.swift"; sourceTree = "<group>"; };
		529CC29B2D3F9270004AA2B9 /* DistanceEntity+CoreDataProperties.swift */ = {isa = PBXFileReference; lastKnownFileType = sourcecode.swift; path = "DistanceEntity+CoreDataProperties.swift"; sourceTree = "<group>"; };
		529CC29C2D3F9270004AA2B9 /* StepEntity+CoreDataClass.swift */ = {isa = PBXFileReference; lastKnownFileType = sourcecode.swift; path = "StepEntity+CoreDataClass.swift"; sourceTree = "<group>"; };
		529CC29D2D3F9270004AA2B9 /* StepEntity+CoreDataProperties.swift */ = {isa = PBXFileReference; lastKnownFileType = sourcecode.swift; path = "StepEntity+CoreDataProperties.swift"; sourceTree = "<group>"; };
		529CC29E2D3F9270004AA2B9 /* WorkoutEntity+CoreDataClass.swift */ = {isa = PBXFileReference; lastKnownFileType = sourcecode.swift; path = "WorkoutEntity+CoreDataClass.swift"; sourceTree = "<group>"; };
		529CC29F2D3F9270004AA2B9 /* WorkoutEntity+CoreDataProperties.swift */ = {isa = PBXFileReference; lastKnownFileType = sourcecode.swift; path = "WorkoutEntity+CoreDataProperties.swift"; sourceTree = "<group>"; };
		529CC2A02D3F9270004AA2B9 /* SpeedEntity+CoreDataClass.swift */ = {isa = PBXFileReference; lastKnownFileType = sourcecode.swift; path = "SpeedEntity+CoreDataClass.swift"; sourceTree = "<group>"; };
		529CC2A12D3F9270004AA2B9 /* SpeedEntity+CoreDataProperties.swift */ = {isa = PBXFileReference; lastKnownFileType = sourcecode.swift; path = "SpeedEntity+CoreDataProperties.swift"; sourceTree = "<group>"; };
		529CC2AD2D3F9AF2004AA2B9 /* SwipeButtonView.swift */ = {isa = PBXFileReference; lastKnownFileType = sourcecode.swift; path = SwipeButtonView.swift; sourceTree = "<group>"; };
		52AA506E2D43395E00AB4054 /* HistoryViewModel.swift */ = {isa = PBXFileReference; lastKnownFileType = sourcecode.swift; path = HistoryViewModel.swift; sourceTree = "<group>"; };
		52AA50712D4341E300AB4054 /* WorkoutRowView.swift */ = {isa = PBXFileReference; lastKnownFileType = sourcecode.swift; path = WorkoutRowView.swift; sourceTree = "<group>"; };
		52AA50732D43473500AB4054 /* WorkoutDateAndTypeView.swift */ = {isa = PBXFileReference; lastKnownFileType = sourcecode.swift; path = WorkoutDateAndTypeView.swift; sourceTree = "<group>"; };
		52AA50762D4349AA00AB4054 /* ThemeManager.swift */ = {isa = PBXFileReference; lastKnownFileType = sourcecode.swift; path = ThemeManager.swift; sourceTree = "<group>"; };
		52AA50792D434E8000AB4054 /* WorkoutInfoView.swift */ = {isa = PBXFileReference; lastKnownFileType = sourcecode.swift; path = WorkoutInfoView.swift; sourceTree = "<group>"; };
		52AA507B2D4779D400AB4054 /* DetailHistoryView.swift */ = {isa = PBXFileReference; lastKnownFileType = sourcecode.swift; path = DetailHistoryView.swift; sourceTree = "<group>"; };
		52AA507F2D477E3100AB4054 /* WorkoutChartView.swift */ = {isa = PBXFileReference; lastKnownFileType = sourcecode.swift; path = WorkoutChartView.swift; sourceTree = "<group>"; };
		52AA50812D477E7300AB4054 /* HistoryChartData.swift */ = {isa = PBXFileReference; lastKnownFileType = sourcecode.swift; path = HistoryChartData.swift; sourceTree = "<group>"; };
		52AA50832D478B1F00AB4054 /* RecordWorkoutView.swift */ = {isa = PBXFileReference; lastKnownFileType = sourcecode.swift; path = RecordWorkoutView.swift; sourceTree = "<group>"; };
		52AA50852D478B4E00AB4054 /* WorkoutViewModel.swift */ = {isa = PBXFileReference; lastKnownFileType = sourcecode.swift; path = WorkoutViewModel.swift; sourceTree = "<group>"; };
		52AA508A2D478CA100AB4054 /* MeasurementBannerView.swift */ = {isa = PBXFileReference; lastKnownFileType = sourcecode.swift; path = MeasurementBannerView.swift; sourceTree = "<group>"; };
		52AA508C2D478CCD00AB4054 /* MeasureItemView.swift */ = {isa = PBXFileReference; lastKnownFileType = sourcecode.swift; path = MeasureItemView.swift; sourceTree = "<group>"; };
		52AA508E2D478D5000AB4054 /* DeniedPermissionView.swift */ = {isa = PBXFileReference; lastKnownFileType = sourcecode.swift; path = DeniedPermissionView.swift; sourceTree = "<group>"; };
		52AA50902D478D7700AB4054 /* TimerView.swift */ = {isa = PBXFileReference; lastKnownFileType = sourcecode.swift; path = TimerView.swift; sourceTree = "<group>"; };
		52AA50922D478D9E00AB4054 /* TimerButtonView.swift */ = {isa = PBXFileReference; lastKnownFileType = sourcecode.swift; path = TimerButtonView.swift; sourceTree = "<group>"; };
		52AA50952D478EBA00AB4054 /* MapView.swift */ = {isa = PBXFileReference; lastKnownFileType = sourcecode.swift; path = MapView.swift; sourceTree = "<group>"; };
		52AA50972D4790B700AB4054 /* LocationAnnotationView.swift */ = {isa = PBXFileReference; lastKnownFileType = sourcecode.swift; path = LocationAnnotationView.swift; sourceTree = "<group>"; };
		52AA50992D47910800AB4054 /* MapCoordinator.swift */ = {isa = PBXFileReference; lastKnownFileType = sourcecode.swift; path = MapCoordinator.swift; sourceTree = "<group>"; };
		52AA509B2D47939E00AB4054 /* Info.plist */ = {isa = PBXFileReference; lastKnownFileType = text.plist.xml; path = Info.plist; sourceTree = "<group>"; };
		52E1F2792D42268A00024C1F /* HistoryView.swift */ = {isa = PBXFileReference; lastKnownFileType = sourcecode.swift; path = HistoryView.swift; sourceTree = "<group>"; };
		CA24345F2DF1304900E464AE /* WelcomeView.swift */ = {isa = PBXFileReference; lastKnownFileType = sourcecode.swift; path = WelcomeView.swift; sourceTree = "<group>"; };
		CA24346C2DF136C000E464AE /* FillInfoView.swift */ = {isa = PBXFileReference; lastKnownFileType = sourcecode.swift; path = FillInfoView.swift; sourceTree = "<group>"; };
		CA24346F2DF1376F00E464AE /* RequestPermissionView.swift */ = {isa = PBXFileReference; lastKnownFileType = sourcecode.swift; path = RequestPermissionView.swift; sourceTree = "<group>"; };
		CA2434712DF1381200E464AE /* PermissionInfo.swift */ = {isa = PBXFileReference; lastKnownFileType = sourcecode.swift; path = PermissionInfo.swift; sourceTree = "<group>"; };
		CA2434742DF13AAF00E464AE /* AppInfo.swift */ = {isa = PBXFileReference; lastKnownFileType = sourcecode.swift; path = AppInfo.swift; sourceTree = "<group>"; };
		CA2434782DF1426300E464AE /* WelcomeFlow.swift */ = {isa = PBXFileReference; lastKnownFileType = sourcecode.swift; path = WelcomeFlow.swift; sourceTree = "<group>"; };
		CA24347B2DF142F800E464AE /* AppEntryView.swift */ = {isa = PBXFileReference; lastKnownFileType = sourcecode.swift; path = AppEntryView.swift; sourceTree = "<group>"; };
		CA24347E2DF1453500E464AE /* WelcomeFlowViewModel.swift */ = {isa = PBXFileReference; lastKnownFileType = sourcecode.swift; path = WelcomeFlowViewModel.swift; sourceTree = "<group>"; };
		CA2434812DF1704C00E464AE /* PickerSheet.swift */ = {isa = PBXFileReference; lastKnownFileType = sourcecode.swift; path = PickerSheet.swift; sourceTree = "<group>"; };
		CA2434832DF1708F00E464AE /* GenderPickerSheet.swift */ = {isa = PBXFileReference; lastKnownFileType = sourcecode.swift; path = GenderPickerSheet.swift; sourceTree = "<group>"; };
		CA2434852DF170C400E464AE /* WeightPickerSheet.swift */ = {isa = PBXFileReference; lastKnownFileType = sourcecode.swift; path = WeightPickerSheet.swift; sourceTree = "<group>"; };
		CA2434C62DF2979800E464AE /* PermissionState.swift */ = {isa = PBXFileReference; lastKnownFileType = sourcecode.swift; path = PermissionState.swift; sourceTree = "<group>"; };
		CA5FEB202DE6E71D0051765C /* WatchTimerManager.swift */ = {isa = PBXFileReference; lastKnownFileType = sourcecode.swift; path = WatchTimerManager.swift; sourceTree = "<group>"; };
		CA651DB32D8181F500B817E6 /* EmptyResultView.swift */ = {isa = PBXFileReference; lastKnownFileType = sourcecode.swift; path = EmptyResultView.swift; sourceTree = "<group>"; };
		CA651DB52D82ABA000B817E6 /* CustomTabBar.swift */ = {isa = PBXFileReference; lastKnownFileType = sourcecode.swift; path = CustomTabBar.swift; sourceTree = "<group>"; };
		CA651DD22D88025000B817E6 /* en */ = {isa = PBXFileReference; lastKnownFileType = text.plist.strings; name = en; path = en.lproj/Localizable.strings; sourceTree = "<group>"; };
		CA651DDC2D88065400B817E6 /* vi */ = {isa = PBXFileReference; lastKnownFileType = text.plist.strings; name = vi; path = vi.lproj/Localizable.strings; sourceTree = "<group>"; };
		CA651DDE2D8808D300B817E6 /* XCAssets+Generated.swift */ = {isa = PBXFileReference; lastKnownFileType = sourcecode.swift; path = "XCAssets+Generated.swift"; sourceTree = "<group>"; };
		CA651DE02D8808EB00B817E6 /* XCStrings+Generated.swift */ = {isa = PBXFileReference; lastKnownFileType = sourcecode.swift; path = "XCStrings+Generated.swift"; sourceTree = "<group>"; };
		CA651E202D890B0300B817E6 /* HealthKitManager.swift */ = {isa = PBXFileReference; lastKnownFileType = sourcecode.swift; path = HealthKitManager.swift; sourceTree = "<group>"; };
		CA651E432D8A608E00B817E6 /* MyFitnessGoalsRelease.entitlements */ = {isa = PBXFileReference; lastKnownFileType = text.plist.entitlements; path = MyFitnessGoalsRelease.entitlements; sourceTree = "<group>"; };
		CA69C20F2D8CFFE80081E4FE /* ChartDataKit.swift */ = {isa = PBXFileReference; lastKnownFileType = sourcecode.swift; path = ChartDataKit.swift; sourceTree = "<group>"; };
		CA69C2112D8D009C0081E4FE /* ChartDataKitView.swift */ = {isa = PBXFileReference; lastKnownFileType = sourcecode.swift; path = ChartDataKitView.swift; sourceTree = "<group>"; };
		CA69C2132D8D397D0081E4FE /* InfoType.swift */ = {isa = PBXFileReference; lastKnownFileType = sourcecode.swift; path = InfoType.swift; sourceTree = "<group>"; };
		CA69C2D92D91382E0081E4FE /* MotionAuthorizationStatus.swift */ = {isa = PBXFileReference; lastKnownFileType = sourcecode.swift; path = MotionAuthorizationStatus.swift; sourceTree = "<group>"; };
		CA69C2EF2D93BDA80081E4FE /* UINavigationController + Ext.swift */ = {isa = PBXFileReference; lastKnownFileType = sourcecode.swift; path = "UINavigationController + Ext.swift"; sourceTree = "<group>"; };
		CA6B16B22DE35B1400837884 /* NavigationRouter.swift */ = {isa = PBXFileReference; lastKnownFileType = sourcecode.swift; path = NavigationRouter.swift; sourceTree = "<group>"; };
		CA85B2652DC9F476001DF097 /* HeartRate.swift */ = {isa = PBXFileReference; lastKnownFileType = sourcecode.swift; path = HeartRate.swift; sourceTree = "<group>"; };
		CA85B2E92DD33CA4001DF097 /* WorkoutSessionManager.swift */ = {isa = PBXFileReference; lastKnownFileType = sourcecode.swift; path = WorkoutSessionManager.swift; sourceTree = "<group>"; };
		CA85B2EC2DD33CEA001DF097 /* Notification + Ext.swift */ = {isa = PBXFileReference; lastKnownFileType = sourcecode.swift; path = "Notification + Ext.swift"; sourceTree = "<group>"; };
		CAA464CD2DEE87FB00B3D672 /* WorkoutCommand.swift */ = {isa = PBXFileReference; lastKnownFileType = sourcecode.swift; path = WorkoutCommand.swift; sourceTree = "<group>"; };
		CAE145B52D7E80A20017FCE3 /* MapViewSwiftUI.swift */ = {isa = PBXFileReference; lastKnownFileType = sourcecode.swift; path = MapViewSwiftUI.swift; sourceTree = "<group>"; };
		CAE145B72D7E81E70017FCE3 /* DataForPreview.swift */ = {isa = PBXFileReference; lastKnownFileType = sourcecode.swift; path = DataForPreview.swift; sourceTree = "<group>"; };
		CAE145FA2D7FC29D0017FCE3 /* FitnessWidgetExtension.appex */ = {isa = PBXFileReference; explicitFileType = "wrapper.app-extension"; includeInIndex = 0; path = FitnessWidgetExtension.appex; sourceTree = BUILT_PRODUCTS_DIR; };
		CAE145FC2D7FC29D0017FCE3 /* WidgetKit.framework */ = {isa = PBXFileReference; lastKnownFileType = wrapper.framework; name = WidgetKit.framework; path = System/Library/Frameworks/WidgetKit.framework; sourceTree = SDKROOT; };
		CAE145FE2D7FC29D0017FCE3 /* SwiftUI.framework */ = {isa = PBXFileReference; lastKnownFileType = wrapper.framework; name = SwiftUI.framework; path = System/Library/Frameworks/SwiftUI.framework; sourceTree = SDKROOT; };
		CAE1462B2D7FD3A60017FCE3 /* MonthCalendarView.swift */ = {isa = PBXFileReference; lastKnownFileType = sourcecode.swift; path = MonthCalendarView.swift; sourceTree = "<group>"; };
		CAE146422D7FE1340017FCE3 /* DailyStatisticView.swift */ = {isa = PBXFileReference; lastKnownFileType = sourcecode.swift; path = DailyStatisticView.swift; sourceTree = "<group>"; };
		CAE146442D7FE1A30017FCE3 /* MeasureDonutView.swift */ = {isa = PBXFileReference; lastKnownFileType = sourcecode.swift; path = MeasureDonutView.swift; sourceTree = "<group>"; };
		CAE146462D800CD20017FCE3 /* RoundedCorner.swift */ = {isa = PBXFileReference; lastKnownFileType = sourcecode.swift; path = RoundedCorner.swift; sourceTree = "<group>"; };
		CAE146482D800E810017FCE3 /* FilterView.swift */ = {isa = PBXFileReference; lastKnownFileType = sourcecode.swift; path = FilterView.swift; sourceTree = "<group>"; };
		CAE1464A2D8012880017FCE3 /* UIColor + Ext.swift */ = {isa = PBXFileReference; lastKnownFileType = sourcecode.swift; path = "UIColor + Ext.swift"; sourceTree = "<group>"; };
		CAF2EF1E2DB1DD65000EF728 /* MyFitness Watch App.app */ = {isa = PBXFileReference; explicitFileType = wrapper.application; includeInIndex = 0; path = "MyFitness Watch App.app"; sourceTree = BUILT_PRODUCTS_DIR; };
/* End PBXFileReference section */

/* Begin PBXFileSystemSynchronizedBuildFileExceptionSet section */
		CA6548462DE426390037B9B2 /* PBXFileSystemSynchronizedBuildFileExceptionSet */ = {
			isa = PBXFileSystemSynchronizedBuildFileExceptionSet;
			membershipExceptions = (
				Screen/Workout/CountdownTimerView.swift,
			);
			target = 527FEE892D3CA47A00C667CB /* MyFitnessGoals */;
		};
		CAE146112D7FC29F0017FCE3 /* PBXFileSystemSynchronizedBuildFileExceptionSet */ = {
			isa = PBXFileSystemSynchronizedBuildFileExceptionSet;
			membershipExceptions = (
				Info.plist,
			);
			target = CAE145F92D7FC29D0017FCE3 /* FitnessWidgetExtension */;
		};
		CAE146192D7FC2DD0017FCE3 /* PBXFileSystemSynchronizedBuildFileExceptionSet */ = {
			isa = PBXFileSystemSynchronizedBuildFileExceptionSet;
			membershipExceptions = (
				FitnessAttributes.swift,
				FitnessLiveActivityView.swift,
				LiveActivityContent.swift,
				LiveActivityManager.swift,
			);
			target = 527FEE892D3CA47A00C667CB /* MyFitnessGoals */;
		};
/* End PBXFileSystemSynchronizedBuildFileExceptionSet section */

/* Begin PBXFileSystemSynchronizedRootGroup section */
		CAE146002D7FC29D0017FCE3 /* FitnessWidget */ = {isa = PBXFileSystemSynchronizedRootGroup; exceptions = (CAE146192D7FC2DD0017FCE3 /* PBXFileSystemSynchronizedBuildFileExceptionSet */, CAE146112D7FC29F0017FCE3 /* PBXFileSystemSynchronizedBuildFileExceptionSet */, ); explicitFileTypes = {}; explicitFolders = (); path = FitnessWidget; sourceTree = "<group>"; };
		CAF2EF1F2DB1DD65000EF728 /* MyFitness Watch App */ = {isa = PBXFileSystemSynchronizedRootGroup; exceptions = (CA6548462DE426390037B9B2 /* PBXFileSystemSynchronizedBuildFileExceptionSet */, ); explicitFileTypes = {}; explicitFolders = (); path = "MyFitness Watch App"; sourceTree = "<group>"; };
/* End PBXFileSystemSynchronizedRootGroup section */

/* Begin PBXFrameworksBuildPhase section */
		527FEE872D3CA47A00C667CB /* Frameworks */ = {
			isa = PBXFrameworksBuildPhase;
			buildActionMask = 2147483647;
			files = (
			);
			runOnlyForDeploymentPostprocessing = 0;
		};
		CAE145F72D7FC29D0017FCE3 /* Frameworks */ = {
			isa = PBXFrameworksBuildPhase;
			buildActionMask = 2147483647;
			files = (
				CAE145FF2D7FC29D0017FCE3 /* SwiftUI.framework in Frameworks */,
				CAE145FD2D7FC29D0017FCE3 /* WidgetKit.framework in Frameworks */,
			);
			runOnlyForDeploymentPostprocessing = 0;
		};
		CAF2EF1B2DB1DD65000EF728 /* Frameworks */ = {
			isa = PBXFrameworksBuildPhase;
			buildActionMask = 2147483647;
			files = (
			);
			runOnlyForDeploymentPostprocessing = 0;
		};
/* End PBXFrameworksBuildPhase section */

/* Begin PBXGroup section */
		527B03122D5070D10008FAE1 /* Statistic */ = {
			isa = PBXGroup;
			children = (
				527B03152D5071DB0008FAE1 /* Subviews */,
				527B03132D5071530008FAE1 /* GeneralStatisticView.swift */,
				CAE146422D7FE1340017FCE3 /* DailyStatisticView.swift */,
				527B03182D50AC520008FAE1 /* StatisticViewModel.swift */,
			);
			path = Statistic;
			sourceTree = "<group>";
		};
		527B03152D5071DB0008FAE1 /* Subviews */ = {
			isa = PBXGroup;
			children = (
				CAE146442D7FE1A30017FCE3 /* MeasureDonutView.swift */,
				527B031C2D50B6930008FAE1 /* PeriodChartView.swift */,
				CAE1462B2D7FD3A60017FCE3 /* MonthCalendarView.swift */,
			);
			path = Subviews;
			sourceTree = "<group>";
		};
		527B03202D50BA880008FAE1 /* Extension */ = {
			isa = PBXGroup;
			children = (
				527B03212D50BA9C0008FAE1 /* UserDefault + Ext.swift */,
				527B03352D51CDCB0008FAE1 /* Color + Ext.swift */,
				CAE146462D800CD20017FCE3 /* RoundedCorner.swift */,
				CAE1464A2D8012880017FCE3 /* UIColor + Ext.swift */,
				CA69C2EF2D93BDA80081E4FE /* UINavigationController + Ext.swift */,
				CA85B2EC2DD33CEA001DF097 /* Notification + Ext.swift */,
			);
			path = Extension;
			sourceTree = "<group>";
		};
		527B03232D51B6EA0008FAE1 /* Goals */ = {
			isa = PBXGroup;
			children = (
				527B032A2D51BD0C0008FAE1 /* SubViews */,
				527B03262D51B8590008FAE1 /* GoalsView.swift */,
				527B032B2D51C6610008FAE1 /* SetGoalsView.swift */,
				527B032D2D51C7010008FAE1 /* GoalViewModel.swift */,
				CA69C2112D8D009C0081E4FE /* ChartDataKitView.swift */,
			);
			path = Goals;
			sourceTree = "<group>";
		};
		527B032A2D51BD0C0008FAE1 /* SubViews */ = {
			isa = PBXGroup;
			children = (
				527B03282D51BCD80008FAE1 /* StatView.swift */,
				527B032F2D51C7BA0008FAE1 /* GoalButtonView.swift */,
				527B03312D51C9730008FAE1 /* GoalSetupView.swift */,
			);
			path = SubViews;
			sourceTree = "<group>";
		};
		527FEE812D3CA47A00C667CB = {
			isa = PBXGroup;
			children = (
				527FEE8C2D3CA47A00C667CB /* MyFitnessGoals */,
				CAE146002D7FC29D0017FCE3 /* FitnessWidget */,
				CAF2EF1F2DB1DD65000EF728 /* MyFitness Watch App */,
				CAE145FB2D7FC29D0017FCE3 /* Frameworks */,
				527FEE8B2D3CA47A00C667CB /* Products */,
			);
			sourceTree = "<group>";
		};
		527FEE8B2D3CA47A00C667CB /* Products */ = {
			isa = PBXGroup;
			children = (
				527FEE8A2D3CA47A00C667CB /* MyFitnessGoals.app */,
				CAE145FA2D7FC29D0017FCE3 /* FitnessWidgetExtension.appex */,
				CAF2EF1E2DB1DD65000EF728 /* MyFitness Watch App.app */,
			);
			name = Products;
			sourceTree = "<group>";
		};
		527FEE8C2D3CA47A00C667CB /* MyFitnessGoals */ = {
			isa = PBXGroup;
			children = (
				CA651E432D8A608E00B817E6 /* MyFitnessGoalsRelease.entitlements */,
				527FEE8D2D3CA47A00C667CB /* MyFitnessGoalsApp.swift */,
				52AA509B2D47939E00AB4054 /* Info.plist */,
				CA6B963C2DD6F16000D1729B /* Coordinator */,
				527B03202D50BA880008FAE1 /* Extension */,
				527FEFD62D3D26C200C667CB /* CoreData */,
				527FEEAF2D3CA71F00C667CB /* Constant */,
				527FEE9B2D3CA4C100C667CB /* Services */,
				527FEE9C2D3CA4D700C667CB /* Model */,
				527FEE9D2D3CA4E700C667CB /* Views */,
				CA651DD02D8801A600B817E6 /* Generated */,
				CA651DCF2D88019C00B817E6 /* Resources */,
				527FEE932D3CA47E00C667CB /* Preview Content */,
			);
			path = MyFitnessGoals;
			sourceTree = "<group>";
		};
		527FEE932D3CA47E00C667CB /* Preview Content */ = {
			isa = PBXGroup;
			children = (
				527FEE942D3CA47E00C667CB /* Preview Assets.xcassets */,
			);
			path = "Preview Content";
			sourceTree = "<group>";
		};
		527FEE9B2D3CA4C100C667CB /* Services */ = {
			isa = PBXGroup;
			children = (
				CA5FEB202DE6E71D0051765C /* WatchTimerManager.swift */,
				527FEEBC2D3CB20800C667CB /* LocationManager.swift */,
				527FEEBE2D3CB76D00C667CB /* MotionManager.swift */,
				527FEEC02D3CED3C00C667CB /* TimerManager.swift */,
				52AA50762D4349AA00AB4054 /* ThemeManager.swift */,
				527B03162D5077020008FAE1 /* CalendarManager.swift */,
				CA651E202D890B0300B817E6 /* HealthKitManager.swift */,
				CA85B2E92DD33CA4001DF097 /* WorkoutSessionManager.swift */,
			);
			path = Services;
			sourceTree = "<group>";
		};
		527FEE9C2D3CA4D700C667CB /* Model */ = {
			isa = PBXGroup;
			children = (
				527FEEA02D3CA55A00C667CB /* Enum */,
				527FEE9E2D3CA51E00C667CB /* BaseFitnessModel.swift */,
				527FEEA52D3CA61900C667CB /* Workout.swift */,
				527FEEA72D3CA63900C667CB /* Distance.swift */,
				527FEEA92D3CA64400C667CB /* Speed.swift */,
				527FEEAB2D3CA67000C667CB /* Calories.swift */,
				527FEEAD2D3CA6DA00C667CB /* Step.swift */,
				52AA50812D477E7300AB4054 /* HistoryChartData.swift */,
				527B031E2D50B83D0008FAE1 /* StatisticChartData.swift */,
				527B03332D51CCE30008FAE1 /* TargetGoal.swift */,
				CA69C20F2D8CFFE80081E4FE /* ChartDataKit.swift */,
				CA85B2652DC9F476001DF097 /* HeartRate.swift */,
			);
			path = Model;
			sourceTree = "<group>";
		};
		527FEE9D2D3CA4E700C667CB /* Views */ = {
			isa = PBXGroup;
			children = (
				CA2434802DF1702E00E464AE /* CustomView */,
				CA24345E2DF1301B00E464AE /* Welcome */,
				527B03232D51B6EA0008FAE1 /* Goals */,
				527B03122D5070D10008FAE1 /* Statistic */,
				52AA50942D478E9C00AB4054 /* Map */,
				52E1F2782D42265700024C1F /* HistoryTab */,
				527FEEB32D3CA79C00C667CB /* WorkoutTab */,
				527FEEB22D3CA79500C667CB /* Tabbar */,
			);
			path = Views;
			sourceTree = "<group>";
		};
		527FEEA02D3CA55A00C667CB /* Enum */ = {
			isa = PBXGroup;
			children = (
				527FEEA12D3CA56A00C667CB /* WorkoutType.swift */,
				527FEEA32D3CA5E000C667CB /* MeasureUnit.swift */,
				527FEFF42D3D2D8200C667CB /* FIlterType.swift */,
				527B031A2D50B4070008FAE1 /* Period.swift */,
				CA69C2132D8D397D0081E4FE /* InfoType.swift */,
				CA69C2D92D91382E0081E4FE /* MotionAuthorizationStatus.swift */,
				CAA464CD2DEE87FB00B3D672 /* WorkoutCommand.swift */,
				CA2434712DF1381200E464AE /* PermissionInfo.swift */,
				CA2434742DF13AAF00E464AE /* AppInfo.swift */,
				CA2434C62DF2979800E464AE /* PermissionState.swift */,
			);
			path = Enum;
			sourceTree = "<group>";
		};
		527FEEAF2D3CA71F00C667CB /* Constant */ = {
			isa = PBXGroup;
			children = (
				527FEEB02D3CA73700C667CB /* Constant.swift */,
			);
			path = Constant;
			sourceTree = "<group>";
		};
		527FEEB22D3CA79500C667CB /* Tabbar */ = {
			isa = PBXGroup;
			children = (
				527FEEBA2D3CAEC700C667CB /* TabBarView.swift */,
				CA651DB52D82ABA000B817E6 /* CustomTabBar.swift */,
			);
			path = Tabbar;
			sourceTree = "<group>";
		};
		527FEEB32D3CA79C00C667CB /* WorkoutTab */ = {
			isa = PBXGroup;
			children = (
				527FEEB62D3CA9BA00C667CB /* SubViews */,
				527FEEB42D3CA85C00C667CB /* SelectWorkoutTypeView.swift */,
				52AA50832D478B1F00AB4054 /* RecordWorkoutView.swift */,
				52AA50852D478B4E00AB4054 /* WorkoutViewModel.swift */,
				527B035C2D5891C80008FAE1 /* RequestPermissonView.swift */,
			);
			path = WorkoutTab;
			sourceTree = "<group>";
		};
		527FEEB62D3CA9BA00C667CB /* SubViews */ = {
			isa = PBXGroup;
			children = (
				527FEEB72D3CA9DB00C667CB /* Workout */,
			);
			path = SubViews;
			sourceTree = "<group>";
		};
		527FEEB72D3CA9DB00C667CB /* Workout */ = {
			isa = PBXGroup;
			children = (
				52AA50892D478C6000AB4054 /* Timer */,
				52AA50882D478C5100AB4054 /* Measure */,
				52AA50872D478C4500AB4054 /* LocationPermisson */,
				529CC2AC2D3F9AE0004AA2B9 /* SubItemView */,
				527FEEB82D3CAA0300C667CB /* WorkoutItemView.swift */,
			);
			path = Workout;
			sourceTree = "<group>";
		};
		527FEFD62D3D26C200C667CB /* CoreData */ = {
			isa = PBXGroup;
			children = (
				527FEFEF2D3D277A00C667CB /* DataManager */,
				527FEFEE2D3D275D00C667CB /* NSObject */,
			);
			path = CoreData;
			sourceTree = "<group>";
		};
		527FEFEE2D3D275D00C667CB /* NSObject */ = {
			isa = PBXGroup;
			children = (
				529CC2982D3F9270004AA2B9 /* CalorieEntity+CoreDataClass.swift */,
				529CC2992D3F9270004AA2B9 /* CalorieEntity+CoreDataProperties.swift */,
				529CC29A2D3F9270004AA2B9 /* DistanceEntity+CoreDataClass.swift */,
				529CC29B2D3F9270004AA2B9 /* DistanceEntity+CoreDataProperties.swift */,
				529CC29C2D3F9270004AA2B9 /* StepEntity+CoreDataClass.swift */,
				529CC29D2D3F9270004AA2B9 /* StepEntity+CoreDataProperties.swift */,
				529CC29E2D3F9270004AA2B9 /* WorkoutEntity+CoreDataClass.swift */,
				529CC29F2D3F9270004AA2B9 /* WorkoutEntity+CoreDataProperties.swift */,
				529CC2A02D3F9270004AA2B9 /* SpeedEntity+CoreDataClass.swift */,
				529CC2A12D3F9270004AA2B9 /* SpeedEntity+CoreDataProperties.swift */,
				527FEFD72D3D270C00C667CB /* Fitness.xcdatamodeld */,
			);
			path = NSObject;
			sourceTree = "<group>";
		};
		527FEFEF2D3D277A00C667CB /* DataManager */ = {
			isa = PBXGroup;
			children = (
				527FEFF02D3D278D00C667CB /* CoreDataManager.swift */,
				527FEFF22D3D288C00C667CB /* PersistanceController.swift */,
				CAE145B72D7E81E70017FCE3 /* DataForPreview.swift */,
			);
			path = DataManager;
			sourceTree = "<group>";
		};
		529CC2AC2D3F9AE0004AA2B9 /* SubItemView */ = {
			isa = PBXGroup;
			children = (
				529CC2AD2D3F9AF2004AA2B9 /* SwipeButtonView.swift */,
			);
			path = SubItemView;
			sourceTree = "<group>";
		};
		52AA50702D4341B600AB4054 /* SubViews */ = {
			isa = PBXGroup;
			children = (
				52AA50782D434E3700AB4054 /* Row */,
				CAE146482D800E810017FCE3 /* FilterView.swift */,
				CA651DB32D8181F500B817E6 /* EmptyResultView.swift */,
			);
			path = SubViews;
			sourceTree = "<group>";
		};
		52AA50782D434E3700AB4054 /* Row */ = {
			isa = PBXGroup;
			children = (
				52AA50732D43473500AB4054 /* WorkoutDateAndTypeView.swift */,
				52AA50712D4341E300AB4054 /* WorkoutRowView.swift */,
				52AA50792D434E8000AB4054 /* WorkoutInfoView.swift */,
				52AA507F2D477E3100AB4054 /* WorkoutChartView.swift */,
			);
			path = Row;
			sourceTree = "<group>";
		};
		52AA50872D478C4500AB4054 /* LocationPermisson */ = {
			isa = PBXGroup;
			children = (
				52AA508E2D478D5000AB4054 /* DeniedPermissionView.swift */,
			);
			path = LocationPermisson;
			sourceTree = "<group>";
		};
		52AA50882D478C5100AB4054 /* Measure */ = {
			isa = PBXGroup;
			children = (
				52AA508A2D478CA100AB4054 /* MeasurementBannerView.swift */,
				52AA508C2D478CCD00AB4054 /* MeasureItemView.swift */,
			);
			path = Measure;
			sourceTree = "<group>";
		};
		52AA50892D478C6000AB4054 /* Timer */ = {
			isa = PBXGroup;
			children = (
				52AA50902D478D7700AB4054 /* TimerView.swift */,
				52AA50922D478D9E00AB4054 /* TimerButtonView.swift */,
				527B03602D6083AB0008FAE1 /* MetricView.swift */,
			);
			path = Timer;
			sourceTree = "<group>";
		};
		52AA50942D478E9C00AB4054 /* Map */ = {
			isa = PBXGroup;
			children = (
				52AA50952D478EBA00AB4054 /* MapView.swift */,
				52AA50972D4790B700AB4054 /* LocationAnnotationView.swift */,
				52AA50992D47910800AB4054 /* MapCoordinator.swift */,
				CAE145B52D7E80A20017FCE3 /* MapViewSwiftUI.swift */,
			);
			path = Map;
			sourceTree = "<group>";
		};
		52E1F2782D42265700024C1F /* HistoryTab */ = {
			isa = PBXGroup;
			children = (
				52AA50702D4341B600AB4054 /* SubViews */,
				52E1F2792D42268A00024C1F /* HistoryView.swift */,
				52AA506E2D43395E00AB4054 /* HistoryViewModel.swift */,
				52AA507B2D4779D400AB4054 /* DetailHistoryView.swift */,
			);
			path = HistoryTab;
			sourceTree = "<group>";
		};
		CA24345E2DF1301B00E464AE /* Welcome */ = {
			isa = PBXGroup;
			children = (
				CA24346B2DF136AB00E464AE /* FillInfo */,
				CA24347D2DF1451900E464AE /* WelcomeView */,
				CA24346E2DF1373400E464AE /* RequestPermissionView */,
				CA24347A2DF142D400E464AE /* AppEntryView */,
				CA2434782DF1426300E464AE /* WelcomeFlow.swift */,
				CA24347E2DF1453500E464AE /* WelcomeFlowViewModel.swift */,
			);
			path = Welcome;
			sourceTree = "<group>";
		};
		CA24346B2DF136AB00E464AE /* FillInfo */ = {
			isa = PBXGroup;
			children = (
				CA24346C2DF136C000E464AE /* FillInfoView.swift */,
			);
			path = FillInfo;
			sourceTree = "<group>";
		};
		CA24346E2DF1373400E464AE /* RequestPermissionView */ = {
			isa = PBXGroup;
			children = (
				CA24346F2DF1376F00E464AE /* RequestPermissionView.swift */,
			);
			path = RequestPermissionView;
			sourceTree = "<group>";
		};
		CA24347A2DF142D400E464AE /* AppEntryView */ = {
			isa = PBXGroup;
			children = (
				CA24347B2DF142F800E464AE /* AppEntryView.swift */,
			);
			path = AppEntryView;
			sourceTree = "<group>";
		};
		CA24347D2DF1451900E464AE /* WelcomeView */ = {
			isa = PBXGroup;
			children = (
				CA24345F2DF1304900E464AE /* WelcomeView.swift */,
			);
			path = WelcomeView;
			sourceTree = "<group>";
		};
		CA2434802DF1702E00E464AE /* CustomView */ = {
			isa = PBXGroup;
			children = (
				CA2434812DF1704C00E464AE /* PickerSheet.swift */,
				CA2434832DF1708F00E464AE /* GenderPickerSheet.swift */,
				CA2434852DF170C400E464AE /* WeightPickerSheet.swift */,
			);
			path = CustomView;
			sourceTree = "<group>";
		};
		CA651DCF2D88019C00B817E6 /* Resources */ = {
			isa = PBXGroup;
			children = (
				CA651DDB2D88061200B817E6 /* String */,
				527FEE912D3CA47E00C667CB /* Assets.xcassets */,
			);
			path = Resources;
			sourceTree = "<group>";
		};
		CA651DD02D8801A600B817E6 /* Generated */ = {
			isa = PBXGroup;
			children = (
				CA651DDE2D8808D300B817E6 /* XCAssets+Generated.swift */,
				CA651DE02D8808EB00B817E6 /* XCStrings+Generated.swift */,
			);
			path = Generated;
			sourceTree = "<group>";
		};
		CA651DDB2D88061200B817E6 /* String */ = {
			isa = PBXGroup;
			children = (
				CA651DD12D88025000B817E6 /* Localizable.strings */,
			);
			path = String;
			sourceTree = "<group>";
		};
		CA6B963C2DD6F16000D1729B /* Coordinator */ = {
			isa = PBXGroup;
			children = (
				CA6B16B22DE35B1400837884 /* NavigationRouter.swift */,
			);
			path = Coordinator;
			sourceTree = "<group>";
		};
		CAE145FB2D7FC29D0017FCE3 /* Frameworks */ = {
			isa = PBXGroup;
			children = (
				CAE145FC2D7FC29D0017FCE3 /* WidgetKit.framework */,
				CAE145FE2D7FC29D0017FCE3 /* SwiftUI.framework */,
			);
			name = Frameworks;
			sourceTree = "<group>";
		};
/* End PBXGroup section */

/* Begin PBXNativeTarget section */
		527FEE892D3CA47A00C667CB /* MyFitnessGoals */ = {
			isa = PBXNativeTarget;
			buildConfigurationList = 527FEE982D3CA47E00C667CB /* Build configuration list for PBXNativeTarget "MyFitnessGoals" */;
			buildPhases = (
				527FEE862D3CA47A00C667CB /* Sources */,
				527FEE872D3CA47A00C667CB /* Frameworks */,
				527FEE882D3CA47A00C667CB /* Resources */,
				CAE146152D7FC29F0017FCE3 /* Embed Foundation Extensions */,
				CA651DDD2D88080E00B817E6 /* ShellScript */,
				CA69C3492D9D2DF80081E4FE /* Embed Watch Content */,
			);
			buildRules = (
			);
			dependencies = (
				CAE1460F2D7FC29F0017FCE3 /* PBXTargetDependency */,
				CAF2EF272DB1DD66000EF728 /* PBXTargetDependency */,
			);
			name = MyFitnessGoals;
			productName = MyFitnessGoals;
			productReference = 527FEE8A2D3CA47A00C667CB /* MyFitnessGoals.app */;
			productType = "com.apple.product-type.application";
		};
		CAE145F92D7FC29D0017FCE3 /* FitnessWidgetExtension */ = {
			isa = PBXNativeTarget;
			buildConfigurationList = CAE146122D7FC29F0017FCE3 /* Build configuration list for PBXNativeTarget "FitnessWidgetExtension" */;
			buildPhases = (
				CAE145F62D7FC29D0017FCE3 /* Sources */,
				CAE145F72D7FC29D0017FCE3 /* Frameworks */,
				CAE145F82D7FC29D0017FCE3 /* Resources */,
			);
			buildRules = (
			);
			dependencies = (
			);
			fileSystemSynchronizedGroups = (
				CAE146002D7FC29D0017FCE3 /* FitnessWidget */,
			);
			name = FitnessWidgetExtension;
			packageProductDependencies = (
			);
			productName = FitnessWidgetExtension;
			productReference = CAE145FA2D7FC29D0017FCE3 /* FitnessWidgetExtension.appex */;
			productType = "com.apple.product-type.app-extension";
		};
		CAF2EF1D2DB1DD65000EF728 /* MyFitness Watch App */ = {
			isa = PBXNativeTarget;
			buildConfigurationList = CAF2EF292DB1DD66000EF728 /* Build configuration list for PBXNativeTarget "MyFitness Watch App" */;
			buildPhases = (
				CAF2EF1A2DB1DD65000EF728 /* Sources */,
				CAF2EF1B2DB1DD65000EF728 /* Frameworks */,
				CAF2EF1C2DB1DD65000EF728 /* Resources */,
			);
			buildRules = (
			);
			dependencies = (
				CADD80832DC4701B0072CDD4 /* PBXTargetDependency */,
			);
			fileSystemSynchronizedGroups = (
				CAF2EF1F2DB1DD65000EF728 /* MyFitness Watch App */,
			);
			name = "MyFitness Watch App";
			packageProductDependencies = (
			);
			productName = "MyFitness Watch App";
			productReference = CAF2EF1E2DB1DD65000EF728 /* MyFitness Watch App.app */;
			productType = "com.apple.product-type.application";
		};
/* End PBXNativeTarget section */

/* Begin PBXProject section */
		527FEE822D3CA47A00C667CB /* Project object */ = {
			isa = PBXProject;
			attributes = {
				BuildIndependentTargetsInParallel = 1;
				LastSwiftUpdateCheck = 1630;
				LastUpgradeCheck = 1420;
				TargetAttributes = {
					527FEE892D3CA47A00C667CB = {
						CreatedOnToolsVersion = 14.2;
					};
					CAE145F92D7FC29D0017FCE3 = {
						CreatedOnToolsVersion = 16.2;
					};
					CAF2EF1D2DB1DD65000EF728 = {
						CreatedOnToolsVersion = 16.3;
					};
				};
			};
			buildConfigurationList = 527FEE852D3CA47A00C667CB /* Build configuration list for PBXProject "MyFitnessGoals" */;
			compatibilityVersion = "Xcode 14.0";
			developmentRegion = en;
			hasScannedForEncodings = 0;
			knownRegions = (
				en,
				Base,
				vi,
			);
			mainGroup = 527FEE812D3CA47A00C667CB;
			packageReferences = (
			);
			productRefGroup = 527FEE8B2D3CA47A00C667CB /* Products */;
			projectDirPath = "";
			projectRoot = "";
			targets = (
				527FEE892D3CA47A00C667CB /* MyFitnessGoals */,
				CAE145F92D7FC29D0017FCE3 /* FitnessWidgetExtension */,
				CAF2EF1D2DB1DD65000EF728 /* MyFitness Watch App */,
			);
		};
/* End PBXProject section */

/* Begin PBXResourcesBuildPhase section */
		527FEE882D3CA47A00C667CB /* Resources */ = {
			isa = PBXResourcesBuildPhase;
			buildActionMask = 2147483647;
			files = (
				527FEE952D3CA47E00C667CB /* Preview Assets.xcassets in Resources */,
				CA651DD32D88025000B817E6 /* Localizable.strings in Resources */,
				527FEE922D3CA47E00C667CB /* Assets.xcassets in Resources */,
			);
			runOnlyForDeploymentPostprocessing = 0;
		};
		CAE145F82D7FC29D0017FCE3 /* Resources */ = {
			isa = PBXResourcesBuildPhase;
			buildActionMask = 2147483647;
			files = (
			);
			runOnlyForDeploymentPostprocessing = 0;
		};
		CAF2EF1C2DB1DD65000EF728 /* Resources */ = {
			isa = PBXResourcesBuildPhase;
			buildActionMask = 2147483647;
			files = (
			);
			runOnlyForDeploymentPostprocessing = 0;
		};
/* End PBXResourcesBuildPhase section */

/* Begin PBXShellScriptBuildPhase section */
		CA651DDD2D88080E00B817E6 /* ShellScript */ = {
			isa = PBXShellScriptBuildPhase;
			buildActionMask = 2147483647;
			files = (
			);
			inputFileListPaths = (
			);
			inputPaths = (
			);
			outputFileListPaths = (
			);
			outputPaths = (
			);
			runOnlyForDeploymentPostprocessing = 0;
			shellPath = /bin/sh;
			shellScript = "# Type a script or drag a script file from your workspace to insert its path.\nif [[ -f \"${PODS_ROOT}/SwiftGen/bin/swiftgen\" ]]; then\n  \"${PODS_ROOT}/SwiftGen/bin/swiftgen\"\nelse\n  echo \"warning: SwiftGen is not installed. Run 'pod install --repo-update' to install it.\"\nfi \n";
		};
/* End PBXShellScriptBuildPhase section */

/* Begin PBXSourcesBuildPhase section */
		527FEE862D3CA47A00C667CB /* Sources */ = {
			isa = PBXSourcesBuildPhase;
			buildActionMask = 2147483647;
			files = (
				CAE145B82D7E81E70017FCE3 /* DataForPreview.swift in Sources */,
				52AA507A2D434E8000AB4054 /* WorkoutInfoView.swift in Sources */,
				52AA508B2D478CA100AB4054 /* MeasurementBannerView.swift in Sources */,
				527FEEA42D3CA5E000C667CB /* MeasureUnit.swift in Sources */,
				CAE1462C2D7FD3A60017FCE3 /* MonthCalendarView.swift in Sources */,
				52AA50772D4349AA00AB4054 /* ThemeManager.swift in Sources */,
				527B03302D51C7BA0008FAE1 /* GoalButtonView.swift in Sources */,
				CAE1464B2D8012880017FCE3 /* UIColor + Ext.swift in Sources */,
				527FEEAC2D3CA67000C667CB /* Calories.swift in Sources */,
				529CC2AB2D3F9270004AA2B9 /* SpeedEntity+CoreDataProperties.swift in Sources */,
				527FEEBD2D3CB20800C667CB /* LocationManager.swift in Sources */,
				527FEFF32D3D288C00C667CB /* PersistanceController.swift in Sources */,
				527B035D2D5891C80008FAE1 /* RequestPermissonView.swift in Sources */,
				CA69C2142D8D397D0081E4FE /* InfoType.swift in Sources */,
				52AA50932D478D9E00AB4054 /* TimerButtonView.swift in Sources */,
				52AA507C2D4779D400AB4054 /* DetailHistoryView.swift in Sources */,
				CA69C2102D8CFFE80081E4FE /* ChartDataKit.swift in Sources */,
				52AA508D2D478CCD00AB4054 /* MeasureItemView.swift in Sources */,
				52AA508F2D478D5000AB4054 /* DeniedPermissionView.swift in Sources */,
				527B03292D51BCD80008FAE1 /* StatView.swift in Sources */,
				CA69C2F02D93BDA80081E4FE /* UINavigationController + Ext.swift in Sources */,
				527FEEBB2D3CAEC700C667CB /* TabBarView.swift in Sources */,
				CA651DE12D8808EB00B817E6 /* XCStrings+Generated.swift in Sources */,
				52AA50802D477E3100AB4054 /* WorkoutChartView.swift in Sources */,
				52AA50962D478EBA00AB4054 /* MapView.swift in Sources */,
				CA651E212D890B0300B817E6 /* HealthKitManager.swift in Sources */,
				529CC2A52D3F9270004AA2B9 /* DistanceEntity+CoreDataProperties.swift in Sources */,
				527B03222D50BA9C0008FAE1 /* UserDefault + Ext.swift in Sources */,
				CA69C2122D8D009C0081E4FE /* ChartDataKitView.swift in Sources */,
				52AA50822D477E7300AB4054 /* HistoryChartData.swift in Sources */,
				CA85B2EB2DD33CA4001DF097 /* WorkoutSessionManager.swift in Sources */,
				527B03612D6083AB0008FAE1 /* MetricView.swift in Sources */,
				527B03142D5071530008FAE1 /* GeneralStatisticView.swift in Sources */,
				CA2434792DF1426300E464AE /* WelcomeFlow.swift in Sources */,
				CAE146472D800CD20017FCE3 /* RoundedCorner.swift in Sources */,
				CA85B2EE2DD33CEA001DF097 /* Notification + Ext.swift in Sources */,
				527FEEA82D3CA63900C667CB /* Distance.swift in Sources */,
				527B031F2D50B83D0008FAE1 /* StatisticChartData.swift in Sources */,
				529CC2AA2D3F9270004AA2B9 /* SpeedEntity+CoreDataClass.swift in Sources */,
				527FEEA22D3CA56A00C667CB /* WorkoutType.swift in Sources */,
				527FEE8E2D3CA47A00C667CB /* MyFitnessGoalsApp.swift in Sources */,
				52AA50742D43473500AB4054 /* WorkoutDateAndTypeView.swift in Sources */,
				527FEE9F2D3CA51E00C667CB /* BaseFitnessModel.swift in Sources */,
				CA6B16B32DE35B1400837884 /* NavigationRouter.swift in Sources */,
				CA2434702DF1376F00E464AE /* RequestPermissionView.swift in Sources */,
				527B03322D51C9730008FAE1 /* GoalSetupView.swift in Sources */,
				529CC2A32D3F9270004AA2B9 /* CalorieEntity+CoreDataProperties.swift in Sources */,
				CA651DB42D8181F500B817E6 /* EmptyResultView.swift in Sources */,
				CA5FEB212DE6E71D0051765C /* WatchTimerManager.swift in Sources */,
				529CC2A82D3F9270004AA2B9 /* WorkoutEntity+CoreDataClass.swift in Sources */,
				CA2434862DF170C400E464AE /* WeightPickerSheet.swift in Sources */,
				529CC2AE2D3F9AF2004AA2B9 /* SwipeButtonView.swift in Sources */,
				CA651DB62D82ABA000B817E6 /* CustomTabBar.swift in Sources */,
				52AA509A2D47910800AB4054 /* MapCoordinator.swift in Sources */,
				52AA50862D478B4E00AB4054 /* WorkoutViewModel.swift in Sources */,
				52AA50722D4341E300AB4054 /* WorkoutRowView.swift in Sources */,
				52E1F27A2D42268A00024C1F /* HistoryView.swift in Sources */,
				527B032C2D51C6610008FAE1 /* SetGoalsView.swift in Sources */,
				52AA50982D4790B700AB4054 /* LocationAnnotationView.swift in Sources */,
				527B03192D50AC520008FAE1 /* StatisticViewModel.swift in Sources */,
				527B03172D5077020008FAE1 /* CalendarManager.swift in Sources */,
				527B032E2D51C7010008FAE1 /* GoalViewModel.swift in Sources */,
				529CC2A72D3F9270004AA2B9 /* StepEntity+CoreDataProperties.swift in Sources */,
				CA24347C2DF142F800E464AE /* AppEntryView.swift in Sources */,
				527FEEAE2D3CA6DA00C667CB /* Step.swift in Sources */,
				527FEFD92D3D270D00C667CB /* Fitness.xcdatamodeld in Sources */,
				CA69C2DA2D91382E0081E4FE /* MotionAuthorizationStatus.swift in Sources */,
				527B03342D51CCE30008FAE1 /* TargetGoal.swift in Sources */,
				52AA50842D478B1F00AB4054 /* RecordWorkoutView.swift in Sources */,
				CA85B2662DC9F476001DF097 /* HeartRate.swift in Sources */,
				CA24346D2DF136C000E464AE /* FillInfoView.swift in Sources */,
				527FEEB12D3CA73700C667CB /* Constant.swift in Sources */,
				527B031D2D50B6930008FAE1 /* PeriodChartView.swift in Sources */,
				CA2434C72DF2979800E464AE /* PermissionState.swift in Sources */,
				CAE146492D800E810017FCE3 /* FilterView.swift in Sources */,
				527B03272D51B8590008FAE1 /* GoalsView.swift in Sources */,
				52AA506F2D43395E00AB4054 /* HistoryViewModel.swift in Sources */,
				CA651DDF2D8808D300B817E6 /* XCAssets+Generated.swift in Sources */,
				CA24347F2DF1453500E464AE /* WelcomeFlowViewModel.swift in Sources */,
				527FEEB92D3CAA0300C667CB /* WorkoutItemView.swift in Sources */,
				CAA464CF2DEE87FB00B3D672 /* WorkoutCommand.swift in Sources */,
				CA2434842DF1708F00E464AE /* GenderPickerSheet.swift in Sources */,
				CAE145B62D7E80A20017FCE3 /* MapViewSwiftUI.swift in Sources */,
				527FEFF52D3D2D8200C667CB /* FIlterType.swift in Sources */,
				527FEEA62D3CA61900C667CB /* Workout.swift in Sources */,
				CAE146432D7FE1340017FCE3 /* DailyStatisticView.swift in Sources */,
				527FEEB52D3CA85C00C667CB /* SelectWorkoutTypeView.swift in Sources */,
				CA2434752DF13AAF00E464AE /* AppInfo.swift in Sources */,
				527B031B2D50B4070008FAE1 /* Period.swift in Sources */,
				527FEEAA2D3CA64400C667CB /* Speed.swift in Sources */,
				529CC2A62D3F9270004AA2B9 /* StepEntity+CoreDataClass.swift in Sources */,
				529CC2A22D3F9270004AA2B9 /* CalorieEntity+CoreDataClass.swift in Sources */,
				527FEEBF2D3CB76D00C667CB /* MotionManager.swift in Sources */,
				529CC2A42D3F9270004AA2B9 /* DistanceEntity+CoreDataClass.swift in Sources */,
				CAE146452D7FE1AD0017FCE3 /* MeasureDonutView.swift in Sources */,
				527FEFF12D3D278D00C667CB /* CoreDataManager.swift in Sources */,
				CA2434602DF1304900E464AE /* WelcomeView.swift in Sources */,
				527FEEC12D3CED3C00C667CB /* TimerManager.swift in Sources */,
				52AA50912D478D7700AB4054 /* TimerView.swift in Sources */,
				CA2434822DF1704C00E464AE /* PickerSheet.swift in Sources */,
				CA2434722DF1381200E464AE /* PermissionInfo.swift in Sources */,
				529CC2A92D3F9270004AA2B9 /* WorkoutEntity+CoreDataProperties.swift in Sources */,
				527B03362D51CDCB0008FAE1 /* Color + Ext.swift in Sources */,
			);
			runOnlyForDeploymentPostprocessing = 0;
		};
		CAE145F62D7FC29D0017FCE3 /* Sources */ = {
			isa = PBXSourcesBuildPhase;
			buildActionMask = 2147483647;
			files = (
			);
			runOnlyForDeploymentPostprocessing = 0;
		};
		CAF2EF1A2DB1DD65000EF728 /* Sources */ = {
			isa = PBXSourcesBuildPhase;
			buildActionMask = 2147483647;
			files = (
				CA70EED12DC066DA00D25116 /* WorkoutType.swift in Sources */,
				CA70EED22DC066DA00D25116 /* FIlterType.swift in Sources */,
				CA85B2672DC9F476001DF097 /* HeartRate.swift in Sources */,
				CA85B24C2DC9E087001DF097 /* WorkoutEntity+CoreDataClass.swift in Sources */,
				CA85B24D2DC9E087001DF097 /* StepEntity+CoreDataProperties.swift in Sources */,
				CA85B24E2DC9E087001DF097 /* WorkoutEntity+CoreDataProperties.swift in Sources */,
				CA85B24F2DC9E087001DF097 /* SpeedEntity+CoreDataClass.swift in Sources */,
				CA85B2502DC9E087001DF097 /* CalorieEntity+CoreDataProperties.swift in Sources */,
				CA85B2512DC9E087001DF097 /* DistanceEntity+CoreDataProperties.swift in Sources */,
				CA85B2522DC9E087001DF097 /* DistanceEntity+CoreDataClass.swift in Sources */,
				CA85B2532DC9E087001DF097 /* CalorieEntity+CoreDataClass.swift in Sources */,
				CA85B2542DC9E087001DF097 /* SpeedEntity+CoreDataProperties.swift in Sources */,
				CA85B2582DC9E1AD001DF097 /* HealthKitManager.swift in Sources */,
				CA85B2552DC9E087001DF097 /* StepEntity+CoreDataClass.swift in Sources */,
				CA70EED32DC066DA00D25116 /* Period.swift in Sources */,
				CA70EED42DC066DA00D25116 /* MotionAuthorizationStatus.swift in Sources */,
				CA70EED52DC066DA00D25116 /* InfoType.swift in Sources */,
				CA70EED72DC066E500D25116 /* Distance.swift in Sources */,
				CA70EED82DC066E500D25116 /* Step.swift in Sources */,
				CA70EED92DC066E500D25116 /* HistoryChartData.swift in Sources */,
				CA70EEDA2DC066E500D25116 /* ChartDataKit.swift in Sources */,
				CA2434762DF13AAF00E464AE /* AppInfo.swift in Sources */,
				CA70EEDB2DC066E500D25116 /* TargetGoal.swift in Sources */,
				CA70EEDC2DC066E500D25116 /* StatisticChartData.swift in Sources */,
				CA85B2562DC9E08E001DF097 /* CoreDataManager.swift in Sources */,
				CAA464CE2DEE87FB00B3D672 /* WorkoutCommand.swift in Sources */,
				CA5FEB222DE6E71D0051765C /* WatchTimerManager.swift in Sources */,
				CA70EEDD2DC066E500D25116 /* Speed.swift in Sources */,
				CA70EEDE2DC066E500D25116 /* BaseFitnessModel.swift in Sources */,
				CA70EEDF2DC066E500D25116 /* Calories.swift in Sources */,
				CA70EEE02DC066E500D25116 /* Workout.swift in Sources */,
				CA70EED62DC066DA00D25116 /* MeasureUnit.swift in Sources */,
				CADD80792DC46FC00072CDD4 /* LocationManager.swift in Sources */,
				CA85B2ED2DD33CEA001DF097 /* Notification + Ext.swift in Sources */,
				CADD807A2DC46FC00072CDD4 /* ThemeManager.swift in Sources */,
				CADD807B2DC46FC00072CDD4 /* MotionManager.swift in Sources */,
				CADD807C2DC46FC00072CDD4 /* CalendarManager.swift in Sources */,
				CA2434C82DF2979800E464AE /* PermissionState.swift in Sources */,
				CADD807D2DC46FC00072CDD4 /* TimerManager.swift in Sources */,
				CA70EED02DC065DC00D25116 /* Fitness.xcdatamodeld in Sources */,
				CA70EEBF2DC065C000D25116 /* RoundedCorner.swift in Sources */,
				CA85B24B2DC9E07B001DF097 /* DataForPreview.swift in Sources */,
				CA70EEC02DC065C000D25116 /* Color + Ext.swift in Sources */,
				CA70EEC12DC065C000D25116 /* UserDefault + Ext.swift in Sources */,
				CA70EEC22DC065C000D25116 /* UIColor + Ext.swift in Sources */,
				CA85B24A2DC9E073001DF097 /* PersistanceController.swift in Sources */,
			);
			runOnlyForDeploymentPostprocessing = 0;
		};
/* End PBXSourcesBuildPhase section */

/* Begin PBXTargetDependency section */
		CADD80832DC4701B0072CDD4 /* PBXTargetDependency */ = {
			isa = PBXTargetDependency;
			target = CAE145F92D7FC29D0017FCE3 /* FitnessWidgetExtension */;
			targetProxy = CADD80822DC4701B0072CDD4 /* PBXContainerItemProxy */;
		};
		CAE1460F2D7FC29F0017FCE3 /* PBXTargetDependency */ = {
			isa = PBXTargetDependency;
			target = CAE145F92D7FC29D0017FCE3 /* FitnessWidgetExtension */;
			targetProxy = CAE1460E2D7FC29F0017FCE3 /* PBXContainerItemProxy */;
		};
		CAF2EF272DB1DD66000EF728 /* PBXTargetDependency */ = {
			isa = PBXTargetDependency;
			target = CAF2EF1D2DB1DD65000EF728 /* MyFitness Watch App */;
			targetProxy = CAF2EF262DB1DD66000EF728 /* PBXContainerItemProxy */;
		};
/* End PBXTargetDependency section */

/* Begin PBXVariantGroup section */
		CA651DD12D88025000B817E6 /* Localizable.strings */ = {
			isa = PBXVariantGroup;
			children = (
				CA651DD22D88025000B817E6 /* en */,
				CA651DDC2D88065400B817E6 /* vi */,
			);
			name = Localizable.strings;
			sourceTree = "<group>";
		};
/* End PBXVariantGroup section */

/* Begin XCBuildConfiguration section */
		527FEE962D3CA47E00C667CB /* Debug */ = {
			isa = XCBuildConfiguration;
			buildSettings = {
				ALWAYS_SEARCH_USER_PATHS = NO;
				CLANG_ANALYZER_LOCALIZABILITY_NONLOCALIZED = YES;
				CLANG_ANALYZER_NONNULL = YES;
				CLANG_ANALYZER_NUMBER_OBJECT_CONVERSION = YES_AGGRESSIVE;
				CLANG_CXX_LANGUAGE_STANDARD = "gnu++20";
				CLANG_ENABLE_MODULES = YES;
				CLANG_ENABLE_OBJC_ARC = YES;
				CLANG_ENABLE_OBJC_WEAK = YES;
				CLANG_WARN_BLOCK_CAPTURE_AUTORELEASING = YES;
				CLANG_WARN_BOOL_CONVERSION = YES;
				CLANG_WARN_COMMA = YES;
				CLANG_WARN_CONSTANT_CONVERSION = YES;
				CLANG_WARN_DEPRECATED_OBJC_IMPLEMENTATIONS = YES;
				CLANG_WARN_DIRECT_OBJC_ISA_USAGE = YES_ERROR;
				CLANG_WARN_DOCUMENTATION_COMMENTS = YES;
				CLANG_WARN_EMPTY_BODY = YES;
				CLANG_WARN_ENUM_CONVERSION = YES;
				CLANG_WARN_INFINITE_RECURSION = YES;
				CLANG_WARN_INT_CONVERSION = YES;
				CLANG_WARN_NON_LITERAL_NULL_CONVERSION = YES;
				CLANG_WARN_OBJC_IMPLICIT_RETAIN_SELF = YES;
				CLANG_WARN_OBJC_LITERAL_CONVERSION = YES;
				CLANG_WARN_OBJC_ROOT_CLASS = YES_ERROR;
				CLANG_WARN_QUOTED_INCLUDE_IN_FRAMEWORK_HEADER = YES;
				CLANG_WARN_RANGE_LOOP_ANALYSIS = YES;
				CLANG_WARN_STRICT_PROTOTYPES = YES;
				CLANG_WARN_SUSPICIOUS_MOVE = YES;
				CLANG_WARN_UNGUARDED_AVAILABILITY = YES_AGGRESSIVE;
				CLANG_WARN_UNREACHABLE_CODE = YES;
				CLANG_WARN__DUPLICATE_METHOD_MATCH = YES;
				COPY_PHASE_STRIP = NO;
				DEBUG_INFORMATION_FORMAT = dwarf;
				ENABLE_STRICT_OBJC_MSGSEND = YES;
				ENABLE_TESTABILITY = YES;
				GCC_C_LANGUAGE_STANDARD = gnu11;
				GCC_DYNAMIC_NO_PIC = NO;
				GCC_NO_COMMON_BLOCKS = YES;
				GCC_OPTIMIZATION_LEVEL = 0;
				GCC_PREPROCESSOR_DEFINITIONS = (
					"DEBUG=1",
					"$(inherited)",
				);
				GCC_WARN_64_TO_32_BIT_CONVERSION = YES;
				GCC_WARN_ABOUT_RETURN_TYPE = YES_ERROR;
				GCC_WARN_UNDECLARED_SELECTOR = YES;
				GCC_WARN_UNINITIALIZED_AUTOS = YES_AGGRESSIVE;
				GCC_WARN_UNUSED_FUNCTION = YES;
				GCC_WARN_UNUSED_VARIABLE = YES;
				IPHONEOS_DEPLOYMENT_TARGET = 15.0;
				MTL_ENABLE_DEBUG_INFO = INCLUDE_SOURCE;
				MTL_FAST_MATH = YES;
				ONLY_ACTIVE_ARCH = YES;
				SDKROOT = iphoneos;
				SWIFT_ACTIVE_COMPILATION_CONDITIONS = DEBUG;
				SWIFT_OPTIMIZATION_LEVEL = "-Onone";
			};
			name = Debug;
		};
		527FEE972D3CA47E00C667CB /* Release */ = {
			isa = XCBuildConfiguration;
			buildSettings = {
				ALWAYS_SEARCH_USER_PATHS = NO;
				CLANG_ANALYZER_LOCALIZABILITY_NONLOCALIZED = YES;
				CLANG_ANALYZER_NONNULL = YES;
				CLANG_ANALYZER_NUMBER_OBJECT_CONVERSION = YES_AGGRESSIVE;
				CLANG_CXX_LANGUAGE_STANDARD = "gnu++20";
				CLANG_ENABLE_MODULES = YES;
				CLANG_ENABLE_OBJC_ARC = YES;
				CLANG_ENABLE_OBJC_WEAK = YES;
				CLANG_WARN_BLOCK_CAPTURE_AUTORELEASING = YES;
				CLANG_WARN_BOOL_CONVERSION = YES;
				CLANG_WARN_COMMA = YES;
				CLANG_WARN_CONSTANT_CONVERSION = YES;
				CLANG_WARN_DEPRECATED_OBJC_IMPLEMENTATIONS = YES;
				CLANG_WARN_DIRECT_OBJC_ISA_USAGE = YES_ERROR;
				CLANG_WARN_DOCUMENTATION_COMMENTS = YES;
				CLANG_WARN_EMPTY_BODY = YES;
				CLANG_WARN_ENUM_CONVERSION = YES;
				CLANG_WARN_INFINITE_RECURSION = YES;
				CLANG_WARN_INT_CONVERSION = YES;
				CLANG_WARN_NON_LITERAL_NULL_CONVERSION = YES;
				CLANG_WARN_OBJC_IMPLICIT_RETAIN_SELF = YES;
				CLANG_WARN_OBJC_LITERAL_CONVERSION = YES;
				CLANG_WARN_OBJC_ROOT_CLASS = YES_ERROR;
				CLANG_WARN_QUOTED_INCLUDE_IN_FRAMEWORK_HEADER = YES;
				CLANG_WARN_RANGE_LOOP_ANALYSIS = YES;
				CLANG_WARN_STRICT_PROTOTYPES = YES;
				CLANG_WARN_SUSPICIOUS_MOVE = YES;
				CLANG_WARN_UNGUARDED_AVAILABILITY = YES_AGGRESSIVE;
				CLANG_WARN_UNREACHABLE_CODE = YES;
				CLANG_WARN__DUPLICATE_METHOD_MATCH = YES;
				COPY_PHASE_STRIP = NO;
				DEBUG_INFORMATION_FORMAT = "dwarf-with-dsym";
				ENABLE_NS_ASSERTIONS = NO;
				ENABLE_STRICT_OBJC_MSGSEND = YES;
				GCC_C_LANGUAGE_STANDARD = gnu11;
				GCC_NO_COMMON_BLOCKS = YES;
				GCC_WARN_64_TO_32_BIT_CONVERSION = YES;
				GCC_WARN_ABOUT_RETURN_TYPE = YES_ERROR;
				GCC_WARN_UNDECLARED_SELECTOR = YES;
				GCC_WARN_UNINITIALIZED_AUTOS = YES_AGGRESSIVE;
				GCC_WARN_UNUSED_FUNCTION = YES;
				GCC_WARN_UNUSED_VARIABLE = YES;
				IPHONEOS_DEPLOYMENT_TARGET = 15.0;
				MTL_ENABLE_DEBUG_INFO = NO;
				MTL_FAST_MATH = YES;
				SDKROOT = iphoneos;
				SWIFT_COMPILATION_MODE = wholemodule;
				SWIFT_OPTIMIZATION_LEVEL = "-O";
				VALIDATE_PRODUCT = YES;
			};
			name = Release;
		};
		527FEE992D3CA47E00C667CB /* Debug */ = {
			isa = XCBuildConfiguration;
			buildSettings = {
				ASSETCATALOG_COMPILER_APPICON_NAME = AppIcon;
				ASSETCATALOG_COMPILER_GLOBAL_ACCENT_COLOR_NAME = AccentColor;
				CODE_SIGN_ENTITLEMENTS = MyFitnessGoals/MyFitnessGoalsRelease.entitlements;
				CODE_SIGN_STYLE = Automatic;
				CURRENT_PROJECT_VERSION = 1;
				DEVELOPMENT_ASSET_PATHS = "\"MyFitnessGoals/Preview Content\"";
				DEVELOPMENT_TEAM = 4UADZUL7G6;
				ENABLE_PREVIEWS = YES;
				GENERATE_INFOPLIST_FILE = YES;
				INFOPLIST_FILE = MyFitnessGoals/Info.plist;
				INFOPLIST_KEY_NSLocationAlwaysAndWhenInUseUsageDescription = "We need your location to provide a seamless experience.";
				INFOPLIST_KEY_NSLocationAlwaysUsageDescription = "We need your location to track your activity even when the app is in the background.";
				INFOPLIST_KEY_NSLocationWhenInUseUsageDescription = "We need your location to track your activity.";
				INFOPLIST_KEY_NSSupportsLiveActivities = YES;
				INFOPLIST_KEY_UIApplicationSceneManifest_Generation = YES;
				INFOPLIST_KEY_UIApplicationSupportsIndirectInputEvents = YES;
				INFOPLIST_KEY_UILaunchScreen_Generation = YES;
				INFOPLIST_KEY_UISupportedInterfaceOrientations_iPad = "UIInterfaceOrientationPortrait UIInterfaceOrientationPortraitUpsideDown UIInterfaceOrientationLandscapeLeft UIInterfaceOrientationLandscapeRight";
				INFOPLIST_KEY_UISupportedInterfaceOrientations_iPhone = "UIInterfaceOrientationPortrait UIInterfaceOrientationLandscapeLeft UIInterfaceOrientationLandscapeRight";
				IPHONEOS_DEPLOYMENT_TARGET = 17.1;
				LD_RUNPATH_SEARCH_PATHS = (
					"$(inherited)",
					"@executable_path/Frameworks",
				);
				MARKETING_VERSION = 1.0;
				PRODUCT_BUNDLE_IDENTIFIER = Bach.MyFitnessGoals;
				PRODUCT_NAME = "$(TARGET_NAME)";
				SWIFT_EMIT_LOC_STRINGS = YES;
				SWIFT_VERSION = 5.0;
				TARGETED_DEVICE_FAMILY = "1,2";
			};
			name = Debug;
		};
		527FEE9A2D3CA47E00C667CB /* Release */ = {
			isa = XCBuildConfiguration;
			buildSettings = {
				ASSETCATALOG_COMPILER_APPICON_NAME = AppIcon;
				ASSETCATALOG_COMPILER_GLOBAL_ACCENT_COLOR_NAME = AccentColor;
				CODE_SIGN_ENTITLEMENTS = MyFitnessGoals/MyFitnessGoalsRelease.entitlements;
				CODE_SIGN_STYLE = Automatic;
				CURRENT_PROJECT_VERSION = 1;
				DEVELOPMENT_ASSET_PATHS = "\"MyFitnessGoals/Preview Content\"";
				DEVELOPMENT_TEAM = 4UADZUL7G6;
				ENABLE_PREVIEWS = YES;
				GENERATE_INFOPLIST_FILE = YES;
				INFOPLIST_FILE = MyFitnessGoals/Info.plist;
				INFOPLIST_KEY_NSLocationAlwaysAndWhenInUseUsageDescription = "We need your location to provide a seamless experience.";
				INFOPLIST_KEY_NSLocationAlwaysUsageDescription = "We need your location to track your activity even when the app is in the background.";
				INFOPLIST_KEY_NSLocationWhenInUseUsageDescription = "We need your location to track your activity.";
				INFOPLIST_KEY_NSSupportsLiveActivities = YES;
				INFOPLIST_KEY_UIApplicationSceneManifest_Generation = YES;
				INFOPLIST_KEY_UIApplicationSupportsIndirectInputEvents = YES;
				INFOPLIST_KEY_UILaunchScreen_Generation = YES;
				INFOPLIST_KEY_UISupportedInterfaceOrientations_iPad = "UIInterfaceOrientationPortrait UIInterfaceOrientationPortraitUpsideDown UIInterfaceOrientationLandscapeLeft UIInterfaceOrientationLandscapeRight";
				INFOPLIST_KEY_UISupportedInterfaceOrientations_iPhone = "UIInterfaceOrientationPortrait UIInterfaceOrientationLandscapeLeft UIInterfaceOrientationLandscapeRight";
				IPHONEOS_DEPLOYMENT_TARGET = 17.1;
				LD_RUNPATH_SEARCH_PATHS = (
					"$(inherited)",
					"@executable_path/Frameworks",
				);
				MARKETING_VERSION = 1.0;
				PRODUCT_BUNDLE_IDENTIFIER = Bach.MyFitnessGoals;
				PRODUCT_NAME = "$(TARGET_NAME)";
				SWIFT_EMIT_LOC_STRINGS = YES;
				SWIFT_VERSION = 5.0;
				TARGETED_DEVICE_FAMILY = "1,2";
			};
			name = Release;
		};
		CAE146132D7FC29F0017FCE3 /* Debug */ = {
			isa = XCBuildConfiguration;
			buildSettings = {
				ASSETCATALOG_COMPILER_GENERATE_SWIFT_ASSET_SYMBOL_EXTENSIONS = YES;
				ASSETCATALOG_COMPILER_GLOBAL_ACCENT_COLOR_NAME = AccentColor;
				ASSETCATALOG_COMPILER_WIDGET_BACKGROUND_COLOR_NAME = WidgetBackground;
				CODE_SIGN_STYLE = Automatic;
				CURRENT_PROJECT_VERSION = 1;
				DEVELOPMENT_TEAM = 4UADZUL7G6;
				ENABLE_USER_SCRIPT_SANDBOXING = YES;
				GCC_C_LANGUAGE_STANDARD = gnu17;
				GENERATE_INFOPLIST_FILE = YES;
				INFOPLIST_FILE = FitnessWidget/Info.plist;
				INFOPLIST_KEY_CFBundleDisplayName = FitnessWidget;
				INFOPLIST_KEY_NSHumanReadableCopyright = "";
				IPHONEOS_DEPLOYMENT_TARGET = 17.1;
				LD_RUNPATH_SEARCH_PATHS = (
					"$(inherited)",
					"@executable_path/Frameworks",
					"@executable_path/../../Frameworks",
				);
				LOCALIZATION_PREFERS_STRING_CATALOGS = YES;
				MARKETING_VERSION = 1.0;
				PRODUCT_BUNDLE_IDENTIFIER = Bach.MyFitnessGoals.FitnessWidget;
				PRODUCT_NAME = "$(TARGET_NAME)";
				SKIP_INSTALL = YES;
				SWIFT_ACTIVE_COMPILATION_CONDITIONS = "DEBUG $(inherited)";
				SWIFT_EMIT_LOC_STRINGS = YES;
				SWIFT_VERSION = 5.0;
				TARGETED_DEVICE_FAMILY = "1,2";
			};
			name = Debug;
		};
		CAE146142D7FC29F0017FCE3 /* Release */ = {
			isa = XCBuildConfiguration;
			buildSettings = {
				ASSETCATALOG_COMPILER_GENERATE_SWIFT_ASSET_SYMBOL_EXTENSIONS = YES;
				ASSETCATALOG_COMPILER_GLOBAL_ACCENT_COLOR_NAME = AccentColor;
				ASSETCATALOG_COMPILER_WIDGET_BACKGROUND_COLOR_NAME = WidgetBackground;
				CODE_SIGN_STYLE = Automatic;
				CURRENT_PROJECT_VERSION = 1;
				DEVELOPMENT_TEAM = 4UADZUL7G6;
				ENABLE_USER_SCRIPT_SANDBOXING = YES;
				GCC_C_LANGUAGE_STANDARD = gnu17;
				GENERATE_INFOPLIST_FILE = YES;
				INFOPLIST_FILE = FitnessWidget/Info.plist;
				INFOPLIST_KEY_CFBundleDisplayName = FitnessWidget;
				INFOPLIST_KEY_NSHumanReadableCopyright = "";
				IPHONEOS_DEPLOYMENT_TARGET = 17.1;
				LD_RUNPATH_SEARCH_PATHS = (
					"$(inherited)",
					"@executable_path/Frameworks",
					"@executable_path/../../Frameworks",
				);
				LOCALIZATION_PREFERS_STRING_CATALOGS = YES;
				MARKETING_VERSION = 1.0;
				PRODUCT_BUNDLE_IDENTIFIER = Bach.MyFitnessGoals.FitnessWidget;
				PRODUCT_NAME = "$(TARGET_NAME)";
				SKIP_INSTALL = YES;
				SWIFT_EMIT_LOC_STRINGS = YES;
				SWIFT_VERSION = 5.0;
				TARGETED_DEVICE_FAMILY = "1,2";
			};
			name = Release;
		};
		CAF2EF2A2DB1DD66000EF728 /* Debug */ = {
			isa = XCBuildConfiguration;
			buildSettings = {
				ASSETCATALOG_COMPILER_APPICON_NAME = AppIcon;
				ASSETCATALOG_COMPILER_GENERATE_SWIFT_ASSET_SYMBOL_EXTENSIONS = YES;
				ASSETCATALOG_COMPILER_GLOBAL_ACCENT_COLOR_NAME = AccentColor;
				CODE_SIGN_ENTITLEMENTS = "MyFitness Watch App/MyFitness Watch App.entitlements";
				CODE_SIGN_STYLE = Automatic;
				CURRENT_PROJECT_VERSION = 1;
				DEVELOPMENT_TEAM = 4UADZUL7G6;
				ENABLE_PREVIEWS = YES;
				ENABLE_USER_SCRIPT_SANDBOXING = YES;
				GCC_C_LANGUAGE_STANDARD = gnu17;
				GENERATE_INFOPLIST_FILE = YES;
				INFOPLIST_FILE = "MyFitness Watch App/WatchInfo.plist";
				INFOPLIST_KEY_CFBundleDisplayName = MyFitness;
				INFOPLIST_KEY_UISupportedInterfaceOrientations = "UIInterfaceOrientationPortrait UIInterfaceOrientationPortraitUpsideDown";
				INFOPLIST_KEY_WKCompanionAppBundleIdentifier = Bach.MyFitnessGoals;
				INFOPLIST_KEY_WKRunsIndependentlyOfCompanionApp = YES;
				LD_RUNPATH_SEARCH_PATHS = (
					"$(inherited)",
					"@executable_path/Frameworks",
				);
				LOCALIZATION_PREFERS_STRING_CATALOGS = YES;
				MARKETING_VERSION = 1.0;
				PRODUCT_BUNDLE_IDENTIFIER = Bach.MyFitnessGoals.watchkitapp;
				PRODUCT_NAME = "$(TARGET_NAME)";
				SDKROOT = watchos;
				SKIP_INSTALL = YES;
				SWIFT_ACTIVE_COMPILATION_CONDITIONS = "DEBUG $(inherited)";
				SWIFT_EMIT_LOC_STRINGS = YES;
				SWIFT_VERSION = 5.0;
				TARGETED_DEVICE_FAMILY = 4;
				WATCHOS_DEPLOYMENT_TARGET = 10.6;
			};
			name = Debug;
		};
		CAF2EF2B2DB1DD66000EF728 /* Release */ = {
			isa = XCBuildConfiguration;
			buildSettings = {
				ASSETCATALOG_COMPILER_APPICON_NAME = AppIcon;
				ASSETCATALOG_COMPILER_GENERATE_SWIFT_ASSET_SYMBOL_EXTENSIONS = YES;
				ASSETCATALOG_COMPILER_GLOBAL_ACCENT_COLOR_NAME = AccentColor;
				CODE_SIGN_ENTITLEMENTS = "MyFitness Watch App/MyFitness Watch App.entitlements";
				CODE_SIGN_STYLE = Automatic;
				CURRENT_PROJECT_VERSION = 1;
				DEVELOPMENT_TEAM = 4UADZUL7G6;
				ENABLE_PREVIEWS = YES;
				ENABLE_USER_SCRIPT_SANDBOXING = YES;
				GCC_C_LANGUAGE_STANDARD = gnu17;
				GENERATE_INFOPLIST_FILE = YES;
				INFOPLIST_FILE = "MyFitness Watch App/WatchInfo.plist";
				INFOPLIST_KEY_CFBundleDisplayName = MyFitness;
				INFOPLIST_KEY_UISupportedInterfaceOrientations = "UIInterfaceOrientationPortrait UIInterfaceOrientationPortraitUpsideDown";
				INFOPLIST_KEY_WKCompanionAppBundleIdentifier = Bach.MyFitnessGoals;
				INFOPLIST_KEY_WKRunsIndependentlyOfCompanionApp = YES;
				LD_RUNPATH_SEARCH_PATHS = (
					"$(inherited)",
					"@executable_path/Frameworks",
				);
				LOCALIZATION_PREFERS_STRING_CATALOGS = YES;
				MARKETING_VERSION = 1.0;
				PRODUCT_BUNDLE_IDENTIFIER = Bach.MyFitnessGoals.watchkitapp;
				PRODUCT_NAME = "$(TARGET_NAME)";
				SDKROOT = watchos;
				SKIP_INSTALL = YES;
				SWIFT_EMIT_LOC_STRINGS = YES;
				SWIFT_VERSION = 5.0;
				TARGETED_DEVICE_FAMILY = 4;
				WATCHOS_DEPLOYMENT_TARGET = 10.6;
			};
			name = Release;
		};
/* End XCBuildConfiguration section */

/* Begin XCConfigurationList section */
		527FEE852D3CA47A00C667CB /* Build configuration list for PBXProject "MyFitnessGoals" */ = {
			isa = XCConfigurationList;
			buildConfigurations = (
				527FEE962D3CA47E00C667CB /* Debug */,
				527FEE972D3CA47E00C667CB /* Release */,
			);
			defaultConfigurationIsVisible = 0;
			defaultConfigurationName = Release;
		};
		527FEE982D3CA47E00C667CB /* Build configuration list for PBXNativeTarget "MyFitnessGoals" */ = {
			isa = XCConfigurationList;
			buildConfigurations = (
				527FEE992D3CA47E00C667CB /* Debug */,
				527FEE9A2D3CA47E00C667CB /* Release */,
			);
			defaultConfigurationIsVisible = 0;
			defaultConfigurationName = Release;
		};
		CAE146122D7FC29F0017FCE3 /* Build configuration list for PBXNativeTarget "FitnessWidgetExtension" */ = {
			isa = XCConfigurationList;
			buildConfigurations = (
				CAE146132D7FC29F0017FCE3 /* Debug */,
				CAE146142D7FC29F0017FCE3 /* Release */,
			);
			defaultConfigurationIsVisible = 0;
			defaultConfigurationName = Release;
		};
		CAF2EF292DB1DD66000EF728 /* Build configuration list for PBXNativeTarget "MyFitness Watch App" */ = {
			isa = XCConfigurationList;
			buildConfigurations = (
				CAF2EF2A2DB1DD66000EF728 /* Debug */,
				CAF2EF2B2DB1DD66000EF728 /* Release */,
			);
			defaultConfigurationIsVisible = 0;
			defaultConfigurationName = Release;
		};
/* End XCConfigurationList section */

/* Begin XCVersionGroup section */
		527FEFD72D3D270C00C667CB /* Fitness.xcdatamodeld */ = {
			isa = XCVersionGroup;
			children = (
				527FEFD82D3D270C00C667CB /* Fitness.xcdatamodel */,
			);
			currentVersion = 527FEFD82D3D270C00C667CB /* Fitness.xcdatamodel */;
			path = Fitness.xcdatamodeld;
			sourceTree = "<group>";
			versionGroupType = wrapper.xcdatamodel;
		};
/* End XCVersionGroup section */
	};
	rootObject = 527FEE822D3CA47A00C667CB /* Project object */;
}
